// !$*UTF8*$!
{
	archiveVersion = 1;
	classes = {
	};
	objectVersion = 56;
	objects = {

/* Begin PBXBuildFile section */
		D21A29B72A9DC20C0011DC3A /* AppDelegate.swift in Sources */ = {isa = PBXBuildFile; fileRef = D21A29B62A9DC20C0011DC3A /* AppDelegate.swift */; };
		D21A29B92A9DC20C0011DC3A /* SceneDelegate.swift in Sources */ = {isa = PBXBuildFile; fileRef = D21A29B82A9DC20C0011DC3A /* SceneDelegate.swift */; };
		D21A29BB2A9DC20C0011DC3A /* ViewController.swift in Sources */ = {isa = PBXBuildFile; fileRef = D21A29BA2A9DC20C0011DC3A /* ViewController.swift */; };
		D21A29BE2A9DC20C0011DC3A /* Main.storyboard in Resources */ = {isa = PBXBuildFile; fileRef = D21A29BC2A9DC20C0011DC3A /* Main.storyboard */; };
		D21A29C02A9DC20D0011DC3A /* Assets.xcassets in Resources */ = {isa = PBXBuildFile; fileRef = D21A29BF2A9DC20D0011DC3A /* Assets.xcassets */; };
		D21A29C32A9DC20D0011DC3A /* LaunchScreen.storyboard in Resources */ = {isa = PBXBuildFile; fileRef = D21A29C12A9DC20D0011DC3A /* LaunchScreen.storyboard */; };
		D21A29CE2A9DC20E0011DC3A /* switch_segmanted_learnTests.swift in Sources */ = {isa = PBXBuildFile; fileRef = D21A29CD2A9DC20E0011DC3A /* switch_segmanted_learnTests.swift */; };
		D21A29D82A9DC20E0011DC3A /* switch_segmanted_learnUITests.swift in Sources */ = {isa = PBXBuildFile; fileRef = D21A29D72A9DC20E0011DC3A /* switch_segmanted_learnUITests.swift */; };
		D21A29DA2A9DC20E0011DC3A /* switch_segmanted_learnUITestsLaunchTests.swift in Sources */ = {isa = PBXBuildFile; fileRef = D21A29D92A9DC20E0011DC3A /* switch_segmanted_learnUITestsLaunchTests.swift */; };
/* End PBXBuildFile section */

/* Begin PBXContainerItemProxy section */
		D21A29CA2A9DC20E0011DC3A /* PBXContainerItemProxy */ = {
			isa = PBXContainerItemProxy;
			containerPortal = D21A29AB2A9DC20C0011DC3A /* Project object */;
			proxyType = 1;
			remoteGlobalIDString = D21A29B22A9DC20C0011DC3A;
			remoteInfo = "switch-segmanted-learn";
		};
		D21A29D42A9DC20E0011DC3A /* PBXContainerItemProxy */ = {
			isa = PBXContainerItemProxy;
			containerPortal = D21A29AB2A9DC20C0011DC3A /* Project object */;
			proxyType = 1;
			remoteGlobalIDString = D21A29B22A9DC20C0011DC3A;
			remoteInfo = "switch-segmanted-learn";
		};
/* End PBXContainerItemProxy section */

/* Begin PBXFileReference section */
		D21A29B32A9DC20C0011DC3A /* switch-segmanted-learn.app */ = {isa = PBXFileReference; explicitFileType = wrapper.application; includeInIndex = 0; path = "switch-segmanted-learn.app"; sourceTree = BUILT_PRODUCTS_DIR; };
		D21A29B62A9DC20C0011DC3A /* AppDelegate.swift */ = {isa = PBXFileReference; lastKnownFileType = sourcecode.swift; path = AppDelegate.swift; sourceTree = "<group>"; };
		D21A29B82A9DC20C0011DC3A /* SceneDelegate.swift */ = {isa = PBXFileReference; lastKnownFileType = sourcecode.swift; path = SceneDelegate.swift; sourceTree = "<group>"; };
		D21A29BA2A9DC20C0011DC3A /* ViewController.swift */ = {isa = PBXFileReference; lastKnownFileType = sourcecode.swift; path = ViewController.swift; sourceTree = "<group>"; };
		D21A29BD2A9DC20C0011DC3A /* Base */ = {isa = PBXFileReference; lastKnownFileType = file.storyboard; name = Base; path = Base.lproj/Main.storyboard; sourceTree = "<group>"; };
		D21A29BF2A9DC20D0011DC3A /* Assets.xcassets */ = {isa = PBXFileReference; lastKnownFileType = folder.assetcatalog; path = Assets.xcassets; sourceTree = "<group>"; };
		D21A29C22A9DC20D0011DC3A /* Base */ = {isa = PBXFileReference; lastKnownFileType = file.storyboard; name = Base; path = Base.lproj/LaunchScreen.storyboard; sourceTree = "<group>"; };
		D21A29C42A9DC20D0011DC3A /* Info.plist */ = {isa = PBXFileReference; lastKnownFileType = text.plist.xml; path = Info.plist; sourceTree = "<group>"; };
		D21A29C92A9DC20E0011DC3A /* switch-segmanted-learnTests.xctest */ = {isa = PBXFileReference; explicitFileType = wrapper.cfbundle; includeInIndex = 0; path = "switch-segmanted-learnTests.xctest"; sourceTree = BUILT_PRODUCTS_DIR; };
		D21A29CD2A9DC20E0011DC3A /* switch_segmanted_learnTests.swift */ = {isa = PBXFileReference; lastKnownFileType = sourcecode.swift; path = switch_segmanted_learnTests.swift; sourceTree = "<group>"; };
		D21A29D32A9DC20E0011DC3A /* switch-segmanted-learnUITests.xctest */ = {isa = PBXFileReference; explicitFileType = wrapper.cfbundle; includeInIndex = 0; path = "switch-segmanted-learnUITests.xctest"; sourceTree = BUILT_PRODUCTS_DIR; };
		D21A29D72A9DC20E0011DC3A /* switch_segmanted_learnUITests.swift */ = {isa = PBXFileReference; lastKnownFileType = sourcecode.swift; path = switch_segmanted_learnUITests.swift; sourceTree = "<group>"; };
		D21A29D92A9DC20E0011DC3A /* switch_segmanted_learnUITestsLaunchTests.swift */ = {isa = PBXFileReference; lastKnownFileType = sourcecode.swift; path = switch_segmanted_learnUITestsLaunchTests.swift; sourceTree = "<group>"; };
/* End PBXFileReference section */

/* Begin PBXFrameworksBuildPhase section */
		D21A29B02A9DC20C0011DC3A /* Frameworks */ = {
			isa = PBXFrameworksBuildPhase;
			buildActionMask = 2147483647;
			files = (
			);
			runOnlyForDeploymentPostprocessing = 0;
		};
		D21A29C62A9DC20E0011DC3A /* Frameworks */ = {
			isa = PBXFrameworksBuildPhase;
			buildActionMask = 2147483647;
			files = (
			);
			runOnlyForDeploymentPostprocessing = 0;
		};
		D21A29D02A9DC20E0011DC3A /* Frameworks */ = {
			isa = PBXFrameworksBuildPhase;
			buildActionMask = 2147483647;
			files = (
			);
			runOnlyForDeploymentPostprocessing = 0;
		};
/* End PBXFrameworksBuildPhase section */

/* Begin PBXGroup section */
		D21A29AA2A9DC20C0011DC3A = {
			isa = PBXGroup;
			children = (
				D21A29B52A9DC20C0011DC3A /* switch-segmanted-learn */,
				D21A29CC2A9DC20E0011DC3A /* switch-segmanted-learnTests */,
				D21A29D62A9DC20E0011DC3A /* switch-segmanted-learnUITests */,
				D21A29B42A9DC20C0011DC3A /* Products */,
			);
			sourceTree = "<group>";
		};
		D21A29B42A9DC20C0011DC3A /* Products */ = {
			isa = PBXGroup;
			children = (
				D21A29B32A9DC20C0011DC3A /* switch-segmanted-learn.app */,
				D21A29C92A9DC20E0011DC3A /* switch-segmanted-learnTests.xctest */,
				D21A29D32A9DC20E0011DC3A /* switch-segmanted-learnUITests.xctest */,
			);
			name = Products;
			sourceTree = "<group>";
		};
		D21A29B52A9DC20C0011DC3A /* switch-segmanted-learn */ = {
			isa = PBXGroup;
			children = (
				D21A29B62A9DC20C0011DC3A /* AppDelegate.swift */,
				D21A29B82A9DC20C0011DC3A /* SceneDelegate.swift */,
				D21A29BA2A9DC20C0011DC3A /* ViewController.swift */,
				D21A29BC2A9DC20C0011DC3A /* Main.storyboard */,
				D21A29BF2A9DC20D0011DC3A /* Assets.xcassets */,
				D21A29C12A9DC20D0011DC3A /* LaunchScreen.storyboard */,
				D21A29C42A9DC20D0011DC3A /* Info.plist */,
			);
			path = "switch-segmanted-learn";
			sourceTree = "<group>";
		};
		D21A29CC2A9DC20E0011DC3A /* switch-segmanted-learnTests */ = {
			isa = PBXGroup;
			children = (
				D21A29CD2A9DC20E0011DC3A /* switch_segmanted_learnTests.swift */,
			);
			path = "switch-segmanted-learnTests";
			sourceTree = "<group>";
		};
		D21A29D62A9DC20E0011DC3A /* switch-segmanted-learnUITests */ = {
			isa = PBXGroup;
			children = (
				D21A29D72A9DC20E0011DC3A /* switch_segmanted_learnUITests.swift */,
				D21A29D92A9DC20E0011DC3A /* switch_segmanted_learnUITestsLaunchTests.swift */,
			);
			path = "switch-segmanted-learnUITests";
			sourceTree = "<group>";
		};
/* End PBXGroup section */

/* Begin PBXNativeTarget section */
		D21A29B22A9DC20C0011DC3A /* switch-segmanted-learn */ = {
			isa = PBXNativeTarget;
			buildConfigurationList = D21A29DD2A9DC20E0011DC3A /* Build configuration list for PBXNativeTarget "switch-segmanted-learn" */;
			buildPhases = (
				D21A29AF2A9DC20C0011DC3A /* Sources */,
				D21A29B02A9DC20C0011DC3A /* Frameworks */,
				D21A29B12A9DC20C0011DC3A /* Resources */,
			);
			buildRules = (
			);
			dependencies = (
			);
			name = "switch-segmanted-learn";
			productName = "switch-segmanted-learn";
			productReference = D21A29B32A9DC20C0011DC3A /* switch-segmanted-learn.app */;
			productType = "com.apple.product-type.application";
		};
		D21A29C82A9DC20E0011DC3A /* switch-segmanted-learnTests */ = {
			isa = PBXNativeTarget;
			buildConfigurationList = D21A29E02A9DC20E0011DC3A /* Build configuration list for PBXNativeTarget "switch-segmanted-learnTests" */;
			buildPhases = (
				D21A29C52A9DC20E0011DC3A /* Sources */,
				D21A29C62A9DC20E0011DC3A /* Frameworks */,
				D21A29C72A9DC20E0011DC3A /* Resources */,
			);
			buildRules = (
			);
			dependencies = (
				D21A29CB2A9DC20E0011DC3A /* PBXTargetDependency */,
			);
			name = "switch-segmanted-learnTests";
			productName = "switch-segmanted-learnTests";
			productReference = D21A29C92A9DC20E0011DC3A /* switch-segmanted-learnTests.xctest */;
			productType = "com.apple.product-type.bundle.unit-test";
		};
		D21A29D22A9DC20E0011DC3A /* switch-segmanted-learnUITests */ = {
			isa = PBXNativeTarget;
			buildConfigurationList = D21A29E32A9DC20E0011DC3A /* Build configuration list for PBXNativeTarget "switch-segmanted-learnUITests" */;
			buildPhases = (
				D21A29CF2A9DC20E0011DC3A /* Sources */,
				D21A29D02A9DC20E0011DC3A /* Frameworks */,
				D21A29D12A9DC20E0011DC3A /* Resources */,
			);
			buildRules = (
			);
			dependencies = (
				D21A29D52A9DC20E0011DC3A /* PBXTargetDependency */,
			);
			name = "switch-segmanted-learnUITests";
			productName = "switch-segmanted-learnUITests";
			productReference = D21A29D32A9DC20E0011DC3A /* switch-segmanted-learnUITests.xctest */;
			productType = "com.apple.product-type.bundle.ui-testing";
		};
/* End PBXNativeTarget section */

/* Begin PBXProject section */
		D21A29AB2A9DC20C0011DC3A /* Project object */ = {
			isa = PBXProject;
			attributes = {
				BuildIndependentTargetsInParallel = 1;
				LastSwiftUpdateCheck = 1430;
				LastUpgradeCheck = 1430;
				TargetAttributes = {
					D21A29B22A9DC20C0011DC3A = {
						CreatedOnToolsVersion = 14.3.1;
					};
					D21A29C82A9DC20E0011DC3A = {
						CreatedOnToolsVersion = 14.3.1;
						TestTargetID = D21A29B22A9DC20C0011DC3A;
					};
					D21A29D22A9DC20E0011DC3A = {
						CreatedOnToolsVersion = 14.3.1;
						TestTargetID = D21A29B22A9DC20C0011DC3A;
					};
				};
			};
			buildConfigurationList = D21A29AE2A9DC20C0011DC3A /* Build configuration list for PBXProject "switch-segmanted-learn" */;
			compatibilityVersion = "Xcode 14.0";
			developmentRegion = en;
			hasScannedForEncodings = 0;
			knownRegions = (
				en,
				Base,
			);
			mainGroup = D21A29AA2A9DC20C0011DC3A;
			productRefGroup = D21A29B42A9DC20C0011DC3A /* Products */;
			projectDirPath = "";
			projectRoot = "";
			targets = (
				D21A29B22A9DC20C0011DC3A /* switch-segmanted-learn */,
				D21A29C82A9DC20E0011DC3A /* switch-segmanted-learnTests */,
				D21A29D22A9DC20E0011DC3A /* switch-segmanted-learnUITests */,
			);
		};
/* End PBXProject section */

/* Begin PBXResourcesBuildPhase section */
		D21A29B12A9DC20C0011DC3A /* Resources */ = {
			isa = PBXResourcesBuildPhase;
			buildActionMask = 2147483647;
			files = (
				D21A29C32A9DC20D0011DC3A /* LaunchScreen.storyboard in Resources */,
				D21A29C02A9DC20D0011DC3A /* Assets.xcassets in Resources */,
				D21A29BE2A9DC20C0011DC3A /* Main.storyboard in Resources */,
			);
			runOnlyForDeploymentPostprocessing = 0;
		};
		D21A29C72A9DC20E0011DC3A /* Resources */ = {
			isa = PBXResourcesBuildPhase;
			buildActionMask = 2147483647;
			files = (
			);
			runOnlyForDeploymentPostprocessing = 0;
		};
		D21A29D12A9DC20E0011DC3A /* Resources */ = {
			isa = PBXResourcesBuildPhase;
			buildActionMask = 2147483647;
			files = (
			);
			runOnlyForDeploymentPostprocessing = 0;
		};
/* End PBXResourcesBuildPhase section */

/* Begin PBXSourcesBuildPhase section */
		D21A29AF2A9DC20C0011DC3A /* Sources */ = {
			isa = PBXSourcesBuildPhase;
			buildActionMask = 2147483647;
			files = (
				D21A29BB2A9DC20C0011DC3A /* ViewController.swift in Sources */,
				D21A29B72A9DC20C0011DC3A /* AppDelegate.swift in Sources */,
				D21A29B92A9DC20C0011DC3A /* SceneDelegate.swift in Sources */,
			);
			runOnlyForDeploymentPostprocessing = 0;
		};
		D21A29C52A9DC20E0011DC3A /* Sources */ = {
			isa = PBXSourcesBuildPhase;
			buildActionMask = 2147483647;
			files = (
				D21A29CE2A9DC20E0011DC3A /* switch_segmanted_learnTests.swift in Sources */,
			);
			runOnlyForDeploymentPostprocessing = 0;
		};
		D21A29CF2A9DC20E0011DC3A /* Sources */ = {
			isa = PBXSourcesBuildPhase;
			buildActionMask = 2147483647;
			files = (
				D21A29DA2A9DC20E0011DC3A /* switch_segmanted_learnUITestsLaunchTests.swift in Sources */,
				D21A29D82A9DC20E0011DC3A /* switch_segmanted_learnUITests.swift in Sources */,
			);
			runOnlyForDeploymentPostprocessing = 0;
		};
/* End PBXSourcesBuildPhase section */

/* Begin PBXTargetDependency section */
		D21A29CB2A9DC20E0011DC3A /* PBXTargetDependency */ = {
			isa = PBXTargetDependency;
			target = D21A29B22A9DC20C0011DC3A /* switch-segmanted-learn */;
			targetProxy = D21A29CA2A9DC20E0011DC3A /* PBXContainerItemProxy */;
		};
		D21A29D52A9DC20E0011DC3A /* PBXTargetDependency */ = {
			isa = PBXTargetDependency;
			target = D21A29B22A9DC20C0011DC3A /* switch-segmanted-learn */;
			targetProxy = D21A29D42A9DC20E0011DC3A /* PBXContainerItemProxy */;
		};
/* End PBXTargetDependency section */

/* Begin PBXVariantGroup section */
		D21A29BC2A9DC20C0011DC3A /* Main.storyboard */ = {
			isa = PBXVariantGroup;
			children = (
				D21A29BD2A9DC20C0011DC3A /* Base */,
			);
			name = Main.storyboard;
			sourceTree = "<group>";
		};
		D21A29C12A9DC20D0011DC3A /* LaunchScreen.storyboard */ = {
			isa = PBXVariantGroup;
			children = (
				D21A29C22A9DC20D0011DC3A /* Base */,
			);
			name = LaunchScreen.storyboard;
			sourceTree = "<group>";
		};
/* End PBXVariantGroup section */

/* Begin XCBuildConfiguration section */
		D21A29DB2A9DC20E0011DC3A /* Debug */ = {
			isa = XCBuildConfiguration;
			buildSettings = {
				ALWAYS_SEARCH_USER_PATHS = NO;
				CLANG_ANALYZER_NONNULL = YES;
				CLANG_ANALYZER_NUMBER_OBJECT_CONVERSION = YES_AGGRESSIVE;
				CLANG_CXX_LANGUAGE_STANDARD = "gnu++20";
				CLANG_ENABLE_MODULES = YES;
				CLANG_ENABLE_OBJC_ARC = YES;
				CLANG_ENABLE_OBJC_WEAK = YES;
				CLANG_WARN_BLOCK_CAPTURE_AUTORELEASING = YES;
				CLANG_WARN_BOOL_CONVERSION = YES;
				CLANG_WARN_COMMA = YES;
				CLANG_WARN_CONSTANT_CONVERSION = YES;
				CLANG_WARN_DEPRECATED_OBJC_IMPLEMENTATIONS = YES;
				CLANG_WARN_DIRECT_OBJC_ISA_USAGE = YES_ERROR;
				CLANG_WARN_DOCUMENTATION_COMMENTS = YES;
				CLANG_WARN_EMPTY_BODY = YES;
				CLANG_WARN_ENUM_CONVERSION = YES;
				CLANG_WARN_INFINITE_RECURSION = YES;
				CLANG_WARN_INT_CONVERSION = YES;
				CLANG_WARN_NON_LITERAL_NULL_CONVERSION = YES;
				CLANG_WARN_OBJC_IMPLICIT_RETAIN_SELF = YES;
				CLANG_WARN_OBJC_LITERAL_CONVERSION = YES;
				CLANG_WARN_OBJC_ROOT_CLASS = YES_ERROR;
				CLANG_WARN_QUOTED_INCLUDE_IN_FRAMEWORK_HEADER = YES;
				CLANG_WARN_RANGE_LOOP_ANALYSIS = YES;
				CLANG_WARN_STRICT_PROTOTYPES = YES;
				CLANG_WARN_SUSPICIOUS_MOVE = YES;
				CLANG_WARN_UNGUARDED_AVAILABILITY = YES_AGGRESSIVE;
				CLANG_WARN_UNREACHABLE_CODE = YES;
				CLANG_WARN__DUPLICATE_METHOD_MATCH = YES;
				COPY_PHASE_STRIP = NO;
				DEBUG_INFORMATION_FORMAT = dwarf;
				ENABLE_STRICT_OBJC_MSGSEND = YES;
				ENABLE_TESTABILITY = YES;
				GCC_C_LANGUAGE_STANDARD = gnu11;
				GCC_DYNAMIC_NO_PIC = NO;
				GCC_NO_COMMON_BLOCKS = YES;
				GCC_OPTIMIZATION_LEVEL = 0;
				GCC_PREPROCESSOR_DEFINITIONS = (
					"DEBUG=1",
					"$(inherited)",
				);
				GCC_WARN_64_TO_32_BIT_CONVERSION = YES;
				GCC_WARN_ABOUT_RETURN_TYPE = YES_ERROR;
				GCC_WARN_UNDECLARED_SELECTOR = YES;
				GCC_WARN_UNINITIALIZED_AUTOS = YES_AGGRESSIVE;
				GCC_WARN_UNUSED_FUNCTION = YES;
				GCC_WARN_UNUSED_VARIABLE = YES;
				IPHONEOS_DEPLOYMENT_TARGET = 16.4;
				MTL_ENABLE_DEBUG_INFO = INCLUDE_SOURCE;
				MTL_FAST_MATH = YES;
				ONLY_ACTIVE_ARCH = YES;
				SDKROOT = iphoneos;
				SWIFT_ACTIVE_COMPILATION_CONDITIONS = DEBUG;
				SWIFT_OPTIMIZATION_LEVEL = "-Onone";
			};
			name = Debug;
		};
		D21A29DC2A9DC20E0011DC3A /* Release */ = {
			isa = XCBuildConfiguration;
			buildSettings = {
				ALWAYS_SEARCH_USER_PATHS = NO;
				CLANG_ANALYZER_NONNULL = YES;
				CLANG_ANALYZER_NUMBER_OBJECT_CONVERSION = YES_AGGRESSIVE;
				CLANG_CXX_LANGUAGE_STANDARD = "gnu++20";
				CLANG_ENABLE_MODULES = YES;
				CLANG_ENABLE_OBJC_ARC = YES;
				CLANG_ENABLE_OBJC_WEAK = YES;
				CLANG_WARN_BLOCK_CAPTURE_AUTORELEASING = YES;
				CLANG_WARN_BOOL_CONVERSION = YES;
				CLANG_WARN_COMMA = YES;
				CLANG_WARN_CONSTANT_CONVERSION = YES;
				CLANG_WARN_DEPRECATED_OBJC_IMPLEMENTATIONS = YES;
				CLANG_WARN_DIRECT_OBJC_ISA_USAGE = YES_ERROR;
				CLANG_WARN_DOCUMENTATION_COMMENTS = YES;
				CLANG_WARN_EMPTY_BODY = YES;
				CLANG_WARN_ENUM_CONVERSION = YES;
				CLANG_WARN_INFINITE_RECURSION = YES;
				CLANG_WARN_INT_CONVERSION = YES;
				CLANG_WARN_NON_LITERAL_NULL_CONVERSION = YES;
				CLANG_WARN_OBJC_IMPLICIT_RETAIN_SELF = YES;
				CLANG_WARN_OBJC_LITERAL_CONVERSION = YES;
				CLANG_WARN_OBJC_ROOT_CLASS = YES_ERROR;
				CLANG_WARN_QUOTED_INCLUDE_IN_FRAMEWORK_HEADER = YES;
				CLANG_WARN_RANGE_LOOP_ANALYSIS = YES;
				CLANG_WARN_STRICT_PROTOTYPES = YES;
				CLANG_WARN_SUSPICIOUS_MOVE = YES;
				CLANG_WARN_UNGUARDED_AVAILABILITY = YES_AGGRESSIVE;
				CLANG_WARN_UNREACHABLE_CODE = YES;
				CLANG_WARN__DUPLICATE_METHOD_MATCH = YES;
				COPY_PHASE_STRIP = NO;
				DEBUG_INFORMATION_FORMAT = "dwarf-with-dsym";
				ENABLE_NS_ASSERTIONS = NO;
				ENABLE_STRICT_OBJC_MSGSEND = YES;
				GCC_C_LANGUAGE_STANDARD = gnu11;
				GCC_NO_COMMON_BLOCKS = YES;
				GCC_WARN_64_TO_32_BIT_CONVERSION = YES;
				GCC_WARN_ABOUT_RETURN_TYPE = YES_ERROR;
				GCC_WARN_UNDECLARED_SELECTOR = YES;
				GCC_WARN_UNINITIALIZED_AUTOS = YES_AGGRESSIVE;
				GCC_WARN_UNUSED_FUNCTION = YES;
				GCC_WARN_UNUSED_VARIABLE = YES;
				IPHONEOS_DEPLOYMENT_TARGET = 16.4;
				MTL_ENABLE_DEBUG_INFO = NO;
				MTL_FAST_MATH = YES;
				SDKROOT = iphoneos;
				SWIFT_COMPILATION_MODE = wholemodule;
				SWIFT_OPTIMIZATION_LEVEL = "-O";
				VALIDATE_PRODUCT = YES;
			};
			name = Release;
		};
		D21A29DE2A9DC20E0011DC3A /* Debug */ = {
			isa = XCBuildConfiguration;
			buildSettings = {
				ASSETCATALOG_COMPILER_APPICON_NAME = AppIcon;
				ASSETCATALOG_COMPILER_GLOBAL_ACCENT_COLOR_NAME = AccentColor;
				CODE_SIGN_STYLE = Automatic;
				CURRENT_PROJECT_VERSION = 1;
				DEVELOPMENT_TEAM = JV7N3RT6H2;
				GENERATE_INFOPLIST_FILE = YES;
				INFOPLIST_FILE = "switch-segmanted-learn/Info.plist";
				INFOPLIST_KEY_UIApplicationSupportsIndirectInputEvents = YES;
				INFOPLIST_KEY_UILaunchStoryboardName = LaunchScreen;
				INFOPLIST_KEY_UIMainStoryboardFile = Main;
				INFOPLIST_KEY_UISupportedInterfaceOrientations_iPad = "UIInterfaceOrientationPortrait UIInterfaceOrientationPortraitUpsideDown UIInterfaceOrientationLandscapeLeft UIInterfaceOrientationLandscapeRight";
				INFOPLIST_KEY_UISupportedInterfaceOrientations_iPhone = "UIInterfaceOrientationPortrait UIInterfaceOrientationLandscapeLeft UIInterfaceOrientationLandscapeRight";
				LD_RUNPATH_SEARCH_PATHS = (
					"$(inherited)",
					"@executable_path/Frameworks",
				);
				MARKETING_VERSION = 1.0;
				PRODUCT_BUNDLE_IDENTIFIER = "com.enginbolat.ada.switch-segmanted-learn";
				PRODUCT_NAME = "$(TARGET_NAME)";
				SWIFT_EMIT_LOC_STRINGS = YES;
				SWIFT_VERSION = 5.0;
				TARGETED_DEVICE_FAMILY = "1,2";
			};
			name = Debug;
		};
		D21A29DF2A9DC20E0011DC3A /* Release */ = {
			isa = XCBuildConfiguration;
			buildSettings = {
				ASSETCATALOG_COMPILER_APPICON_NAME = AppIcon;
				ASSETCATALOG_COMPILER_GLOBAL_ACCENT_COLOR_NAME = AccentColor;
				CODE_SIGN_STYLE = Automatic;
				CURRENT_PROJECT_VERSION = 1;
				DEVELOPMENT_TEAM = JV7N3RT6H2;
				GENERATE_INFOPLIST_FILE = YES;
				INFOPLIST_FILE = "switch-segmanted-learn/Info.plist";
				INFOPLIST_KEY_UIApplicationSupportsIndirectInputEvents = YES;
				INFOPLIST_KEY_UILaunchStoryboardName = LaunchScreen;
				INFOPLIST_KEY_UIMainStoryboardFile = Main;
				INFOPLIST_KEY_UISupportedInterfaceOrientations_iPad = "UIInterfaceOrientationPortrait UIInterfaceOrientationPortraitUpsideDown UIInterfaceOrientationLandscapeLeft UIInterfaceOrientationLandscapeRight";
				INFOPLIST_KEY_UISupportedInterfaceOrientations_iPhone = "UIInterfaceOrientationPortrait UIInterfaceOrientationLandscapeLeft UIInterfaceOrientationLandscapeRight";
				LD_RUNPATH_SEARCH_PATHS = (
					"$(inherited)",
					"@executable_path/Frameworks",
				);
				MARKETING_VERSION = 1.0;
				PRODUCT_BUNDLE_IDENTIFIER = "com.enginbolat.ada.switch-segmanted-learn";
				PRODUCT_NAME = "$(TARGET_NAME)";
				SWIFT_EMIT_LOC_STRINGS = YES;
				SWIFT_VERSION = 5.0;
				TARGETED_DEVICE_FAMILY = "1,2";
			};
			name = Release;
		};
		D21A29E12A9DC20E0011DC3A /* Debug */ = {
			isa = XCBuildConfiguration;
			buildSettings = {
				ALWAYS_EMBED_SWIFT_STANDARD_LIBRARIES = YES;
				BUNDLE_LOADER = "$(TEST_HOST)";
				CODE_SIGN_STYLE = Automatic;
				CURRENT_PROJECT_VERSION = 1;
				DEVELOPMENT_TEAM = JV7N3RT6H2;
				GENERATE_INFOPLIST_FILE = YES;
				IPHONEOS_DEPLOYMENT_TARGET = 16.4;
				MARKETING_VERSION = 1.0;
				PRODUCT_BUNDLE_IDENTIFIER = "com.enginbolat.ada.switch-segmanted-learnTests";
				PRODUCT_NAME = "$(TARGET_NAME)";
				SWIFT_EMIT_LOC_STRINGS = NO;
				SWIFT_VERSION = 5.0;
				TARGETED_DEVICE_FAMILY = "1,2";
				TEST_HOST = "$(BUILT_PRODUCTS_DIR)/switch-segmanted-learn.app/$(BUNDLE_EXECUTABLE_FOLDER_PATH)/switch-segmanted-learn";
			};
			name = Debug;
		};
		D21A29E22A9DC20E0011DC3A /* Release */ = {
			isa = XCBuildConfiguration;
			buildSettings = {
				ALWAYS_EMBED_SWIFT_STANDARD_LIBRARIES = YES;
				BUNDLE_LOADER = "$(TEST_HOST)";
				CODE_SIGN_STYLE = Automatic;
				CURRENT_PROJECT_VERSION = 1;
				DEVELOPMENT_TEAM = JV7N3RT6H2;
				GENERATE_INFOPLIST_FILE = YES;
				IPHONEOS_DEPLOYMENT_TARGET = 16.4;
				MARKETING_VERSION = 1.0;
				PRODUCT_BUNDLE_IDENTIFIER = "com.enginbolat.ada.switch-segmanted-learnTests";
				PRODUCT_NAME = "$(TARGET_NAME)";
				SWIFT_EMIT_LOC_STRINGS = NO;
				SWIFT_VERSION = 5.0;
				TARGETED_DEVICE_FAMILY = "1,2";
				TEST_HOST = "$(BUILT_PRODUCTS_DIR)/switch-segmanted-learn.app/$(BUNDLE_EXECUTABLE_FOLDER_PATH)/switch-segmanted-learn";
			};
			name = Release;
		};
		D21A29E42A9DC20E0011DC3A /* Debug */ = {
			isa = XCBuildConfiguration;
			buildSettings = {
				ALWAYS_EMBED_SWIFT_STANDARD_LIBRARIES = YES;
				CODE_SIGN_STYLE = Automatic;
				CURRENT_PROJECT_VERSION = 1;
				DEVELOPMENT_TEAM = JV7N3RT6H2;
				GENERATE_INFOPLIST_FILE = YES;
				MARKETING_VERSION = 1.0;
				PRODUCT_BUNDLE_IDENTIFIER = "com.enginbolat.ada.switch-segmanted-learnUITests";
				PRODUCT_NAME = "$(TARGET_NAME)";
				SWIFT_EMIT_LOC_STRINGS = NO;
				SWIFT_VERSION = 5.0;
				TARGETED_DEVICE_FAMILY = "1,2";
				TEST_TARGET_NAME = "switch-segmanted-learn";
			};
			name = Debug;
		};
		D21A29E52A9DC20E0011DC3A /* Release */ = {
			isa = XCBuildConfiguration;
			buildSettings = {
				ALWAYS_EMBED_SWIFT_STANDARD_LIBRARIES = YES;
				CODE_SIGN_STYLE = Automatic;
				CURRENT_PROJECT_VERSION = 1;
				DEVELOPMENT_TEAM = JV7N3RT6H2;
				GENERATE_INFOPLIST_FILE = YES;
				MARKETING_VERSION = 1.0;
				PRODUCT_BUNDLE_IDENTIFIER = "com.enginbolat.ada.switch-segmanted-learnUITests";
				PRODUCT_NAME = "$(TARGET_NAME)";
				SWIFT_EMIT_LOC_STRINGS = NO;
				SWIFT_VERSION = 5.0;
				TARGETED_DEVICE_FAMILY = "1,2";
				TEST_TARGET_NAME = "switch-segmanted-learn";
			};
			name = Release;
		};
/* End XCBuildConfiguration section */

/* Begin XCConfigurationList section */
		D21A29AE2A9DC20C0011DC3A /* Build configuration list for PBXProject "switch-segmanted-learn" */ = {
			isa = XCConfigurationList;
			buildConfigurations = (
				D21A29DB2A9DC20E0011DC3A /* Debug */,
				D21A29DC2A9DC20E0011DC3A /* Release */,
			);
			defaultConfigurationIsVisible = 0;
			defaultConfigurationName = Release;
		};
		D21A29DD2A9DC20E0011DC3A /* Build configuration list for PBXNativeTarget "switch-segmanted-learn" */ = {
			isa = XCConfigurationList;
			buildConfigurations = (
				D21A29DE2A9DC20E0011DC3A /* Debug */,
				D21A29DF2A9DC20E0011DC3A /* Release */,
			);
			defaultConfigurationIsVisible = 0;
			defaultConfigurationName = Release;
		};
		D21A29E02A9DC20E0011DC3A /* Build configuration list for PBXNativeTarget "switch-segmanted-learnTests" */ = {
			isa = XCConfigurationList;
			buildConfigurations = (
				D21A29E12A9DC20E0011DC3A /* Debug */,
				D21A29E22A9DC20E0011DC3A /* Release */,
			);
			defaultConfigurationIsVisible = 0;
			defaultConfigurationName = Release;
		};
		D21A29E32A9DC20E0011DC3A /* Build configuration list for PBXNativeTarget "switch-segmanted-learnUITests" */ = {
			isa = XCConfigurationList;
			buildConfigurations = (
				D21A29E42A9DC20E0011DC3A /* Debug */,
				D21A29E52A9DC20E0011DC3A /* Release */,
			);
			defaultConfigurationIsVisible = 0;
			defaultConfigurationName = Release;
		};
/* End XCConfigurationList section */
	};
	rootObject = D21A29AB2A9DC20C0011DC3A /* Project object */;
}
