// !$*UTF8*$!
{
	archiveVersion = 1;
	classes = {
	};
	objectVersion = 56;
	objects = {

/* Begin PBXBuildFile section */
		D21537AE29B6101400220231 /* AppDelegate.swift in Sources */ = {isa = PBXBuildFile; fileRef = D21537AD29B6101400220231 /* AppDelegate.swift */; };
		D21537B029B6101400220231 /* SceneDelegate.swift in Sources */ = {isa = PBXBuildFile; fileRef = D21537AF29B6101400220231 /* SceneDelegate.swift */; };
		D21537B229B6101400220231 /* ViewController.swift in Sources */ = {isa = PBXBuildFile; fileRef = D21537B129B6101400220231 /* ViewController.swift */; };
		D21537B529B6101400220231 /* Main.storyboard in Resources */ = {isa = PBXBuildFile; fileRef = D21537B329B6101400220231 /* Main.storyboard */; };
		D21537B729B6101500220231 /* Assets.xcassets in Resources */ = {isa = PBXBuildFile; fileRef = D21537B629B6101500220231 /* Assets.xcassets */; };
		D21537BA29B6101500220231 /* LaunchScreen.storyboard in Resources */ = {isa = PBXBuildFile; fileRef = D21537B829B6101500220231 /* LaunchScreen.storyboard */; };
		D21537C529B6101600220231 /* iosYasamDongusuTests.swift in Sources */ = {isa = PBXBuildFile; fileRef = D21537C429B6101600220231 /* iosYasamDongusuTests.swift */; };
		D21537CF29B6101600220231 /* iosYasamDongusuUITests.swift in Sources */ = {isa = PBXBuildFile; fileRef = D21537CE29B6101600220231 /* iosYasamDongusuUITests.swift */; };
		D21537D129B6101600220231 /* iosYasamDongusuUITestsLaunchTests.swift in Sources */ = {isa = PBXBuildFile; fileRef = D21537D029B6101600220231 /* iosYasamDongusuUITestsLaunchTests.swift */; };
/* End PBXBuildFile section */

/* Begin PBXContainerItemProxy section */
		D21537C129B6101600220231 /* PBXContainerItemProxy */ = {
			isa = PBXContainerItemProxy;
			containerPortal = D21537A229B6101300220231 /* Project object */;
			proxyType = 1;
			remoteGlobalIDString = D21537A929B6101300220231;
			remoteInfo = iosYasamDongusu;
		};
		D21537CB29B6101600220231 /* PBXContainerItemProxy */ = {
			isa = PBXContainerItemProxy;
			containerPortal = D21537A229B6101300220231 /* Project object */;
			proxyType = 1;
			remoteGlobalIDString = D21537A929B6101300220231;
			remoteInfo = iosYasamDongusu;
		};
/* End PBXContainerItemProxy section */

/* Begin PBXFileReference section */
		D21537AA29B6101300220231 /* iosYasamDongusu.app */ = {isa = PBXFileReference; explicitFileType = wrapper.application; includeInIndex = 0; path = iosYasamDongusu.app; sourceTree = BUILT_PRODUCTS_DIR; };
		D21537AD29B6101400220231 /* AppDelegate.swift */ = {isa = PBXFileReference; lastKnownFileType = sourcecode.swift; path = AppDelegate.swift; sourceTree = "<group>"; };
		D21537AF29B6101400220231 /* SceneDelegate.swift */ = {isa = PBXFileReference; lastKnownFileType = sourcecode.swift; path = SceneDelegate.swift; sourceTree = "<group>"; };
		D21537B129B6101400220231 /* ViewController.swift */ = {isa = PBXFileReference; lastKnownFileType = sourcecode.swift; path = ViewController.swift; sourceTree = "<group>"; };
		D21537B429B6101400220231 /* Base */ = {isa = PBXFileReference; lastKnownFileType = file.storyboard; name = Base; path = Base.lproj/Main.storyboard; sourceTree = "<group>"; };
		D21537B629B6101500220231 /* Assets.xcassets */ = {isa = PBXFileReference; lastKnownFileType = folder.assetcatalog; path = Assets.xcassets; sourceTree = "<group>"; };
		D21537B929B6101500220231 /* Base */ = {isa = PBXFileReference; lastKnownFileType = file.storyboard; name = Base; path = Base.lproj/LaunchScreen.storyboard; sourceTree = "<group>"; };
		D21537BB29B6101500220231 /* Info.plist */ = {isa = PBXFileReference; lastKnownFileType = text.plist.xml; path = Info.plist; sourceTree = "<group>"; };
		D21537C029B6101600220231 /* iosYasamDongusuTests.xctest */ = {isa = PBXFileReference; explicitFileType = wrapper.cfbundle; includeInIndex = 0; path = iosYasamDongusuTests.xctest; sourceTree = BUILT_PRODUCTS_DIR; };
		D21537C429B6101600220231 /* iosYasamDongusuTests.swift */ = {isa = PBXFileReference; lastKnownFileType = sourcecode.swift; path = iosYasamDongusuTests.swift; sourceTree = "<group>"; };
		D21537CA29B6101600220231 /* iosYasamDongusuUITests.xctest */ = {isa = PBXFileReference; explicitFileType = wrapper.cfbundle; includeInIndex = 0; path = iosYasamDongusuUITests.xctest; sourceTree = BUILT_PRODUCTS_DIR; };
		D21537CE29B6101600220231 /* iosYasamDongusuUITests.swift */ = {isa = PBXFileReference; lastKnownFileType = sourcecode.swift; path = iosYasamDongusuUITests.swift; sourceTree = "<group>"; };
		D21537D029B6101600220231 /* iosYasamDongusuUITestsLaunchTests.swift */ = {isa = PBXFileReference; lastKnownFileType = sourcecode.swift; path = iosYasamDongusuUITestsLaunchTests.swift; sourceTree = "<group>"; };
/* End PBXFileReference section */

/* Begin PBXFrameworksBuildPhase section */
		D21537A729B6101300220231 /* Frameworks */ = {
			isa = PBXFrameworksBuildPhase;
			buildActionMask = 2147483647;
			files = (
			);
			runOnlyForDeploymentPostprocessing = 0;
		};
		D21537BD29B6101600220231 /* Frameworks */ = {
			isa = PBXFrameworksBuildPhase;
			buildActionMask = 2147483647;
			files = (
			);
			runOnlyForDeploymentPostprocessing = 0;
		};
		D21537C729B6101600220231 /* Frameworks */ = {
			isa = PBXFrameworksBuildPhase;
			buildActionMask = 2147483647;
			files = (
			);
			runOnlyForDeploymentPostprocessing = 0;
		};
/* End PBXFrameworksBuildPhase section */

/* Begin PBXGroup section */
		D21537A129B6101300220231 = {
			isa = PBXGroup;
			children = (
				D21537AC29B6101400220231 /* iosYasamDongusu */,
				D21537C329B6101600220231 /* iosYasamDongusuTests */,
				D21537CD29B6101600220231 /* iosYasamDongusuUITests */,
				D21537AB29B6101300220231 /* Products */,
			);
			sourceTree = "<group>";
		};
		D21537AB29B6101300220231 /* Products */ = {
			isa = PBXGroup;
			children = (
				D21537AA29B6101300220231 /* iosYasamDongusu.app */,
				D21537C029B6101600220231 /* iosYasamDongusuTests.xctest */,
				D21537CA29B6101600220231 /* iosYasamDongusuUITests.xctest */,
			);
			name = Products;
			sourceTree = "<group>";
		};
		D21537AC29B6101400220231 /* iosYasamDongusu */ = {
			isa = PBXGroup;
			children = (
				D21537AD29B6101400220231 /* AppDelegate.swift */,
				D21537AF29B6101400220231 /* SceneDelegate.swift */,
				D21537B129B6101400220231 /* ViewController.swift */,
				D21537B329B6101400220231 /* Main.storyboard */,
				D21537B629B6101500220231 /* Assets.xcassets */,
				D21537B829B6101500220231 /* LaunchScreen.storyboard */,
				D21537BB29B6101500220231 /* Info.plist */,
			);
			path = iosYasamDongusu;
			sourceTree = "<group>";
		};
		D21537C329B6101600220231 /* iosYasamDongusuTests */ = {
			isa = PBXGroup;
			children = (
				D21537C429B6101600220231 /* iosYasamDongusuTests.swift */,
			);
			path = iosYasamDongusuTests;
			sourceTree = "<group>";
		};
		D21537CD29B6101600220231 /* iosYasamDongusuUITests */ = {
			isa = PBXGroup;
			children = (
				D21537CE29B6101600220231 /* iosYasamDongusuUITests.swift */,
				D21537D029B6101600220231 /* iosYasamDongusuUITestsLaunchTests.swift */,
			);
			path = iosYasamDongusuUITests;
			sourceTree = "<group>";
		};
/* End PBXGroup section */

/* Begin PBXNativeTarget section */
		D21537A929B6101300220231 /* iosYasamDongusu */ = {
			isa = PBXNativeTarget;
			buildConfigurationList = D21537D429B6101600220231 /* Build configuration list for PBXNativeTarget "iosYasamDongusu" */;
			buildPhases = (
				D21537A629B6101300220231 /* Sources */,
				D21537A729B6101300220231 /* Frameworks */,
				D21537A829B6101300220231 /* Resources */,
			);
			buildRules = (
			);
			dependencies = (
			);
			name = iosYasamDongusu;
			productName = iosYasamDongusu;
			productReference = D21537AA29B6101300220231 /* iosYasamDongusu.app */;
			productType = "com.apple.product-type.application";
		};
		D21537BF29B6101600220231 /* iosYasamDongusuTests */ = {
			isa = PBXNativeTarget;
			buildConfigurationList = D21537D729B6101600220231 /* Build configuration list for PBXNativeTarget "iosYasamDongusuTests" */;
			buildPhases = (
				D21537BC29B6101600220231 /* Sources */,
				D21537BD29B6101600220231 /* Frameworks */,
				D21537BE29B6101600220231 /* Resources */,
			);
			buildRules = (
			);
			dependencies = (
				D21537C229B6101600220231 /* PBXTargetDependency */,
			);
			name = iosYasamDongusuTests;
			productName = iosYasamDongusuTests;
			productReference = D21537C029B6101600220231 /* iosYasamDongusuTests.xctest */;
			productType = "com.apple.product-type.bundle.unit-test";
		};
		D21537C929B6101600220231 /* iosYasamDongusuUITests */ = {
			isa = PBXNativeTarget;
			buildConfigurationList = D21537DA29B6101600220231 /* Build configuration list for PBXNativeTarget "iosYasamDongusuUITests" */;
			buildPhases = (
				D21537C629B6101600220231 /* Sources */,
				D21537C729B6101600220231 /* Frameworks */,
				D21537C829B6101600220231 /* Resources */,
			);
			buildRules = (
			);
			dependencies = (
				D21537CC29B6101600220231 /* PBXTargetDependency */,
			);
			name = iosYasamDongusuUITests;
			productName = iosYasamDongusuUITests;
			productReference = D21537CA29B6101600220231 /* iosYasamDongusuUITests.xctest */;
			productType = "com.apple.product-type.bundle.ui-testing";
		};
/* End PBXNativeTarget section */

/* Begin PBXProject section */
		D21537A229B6101300220231 /* Project object */ = {
			isa = PBXProject;
			attributes = {
				BuildIndependentTargetsInParallel = 1;
				LastSwiftUpdateCheck = 1420;
				LastUpgradeCheck = 1420;
				TargetAttributes = {
					D21537A929B6101300220231 = {
						CreatedOnToolsVersion = 14.2;
					};
					D21537BF29B6101600220231 = {
						CreatedOnToolsVersion = 14.2;
						TestTargetID = D21537A929B6101300220231;
					};
					D21537C929B6101600220231 = {
						CreatedOnToolsVersion = 14.2;
						TestTargetID = D21537A929B6101300220231;
					};
				};
			};
			buildConfigurationList = D21537A529B6101300220231 /* Build configuration list for PBXProject "iosYasamDongusu" */;
			compatibilityVersion = "Xcode 14.0";
			developmentRegion = en;
			hasScannedForEncodings = 0;
			knownRegions = (
				en,
				Base,
			);
			mainGroup = D21537A129B6101300220231;
			productRefGroup = D21537AB29B6101300220231 /* Products */;
			projectDirPath = "";
			projectRoot = "";
			targets = (
				D21537A929B6101300220231 /* iosYasamDongusu */,
				D21537BF29B6101600220231 /* iosYasamDongusuTests */,
				D21537C929B6101600220231 /* iosYasamDongusuUITests */,
			);
		};
/* End PBXProject section */

/* Begin PBXResourcesBuildPhase section */
		D21537A829B6101300220231 /* Resources */ = {
			isa = PBXResourcesBuildPhase;
			buildActionMask = 2147483647;
			files = (
				D21537BA29B6101500220231 /* LaunchScreen.storyboard in Resources */,
				D21537B729B6101500220231 /* Assets.xcassets in Resources */,
				D21537B529B6101400220231 /* Main.storyboard in Resources */,
			);
			runOnlyForDeploymentPostprocessing = 0;
		};
		D21537BE29B6101600220231 /* Resources */ = {
			isa = PBXResourcesBuildPhase;
			buildActionMask = 2147483647;
			files = (
			);
			runOnlyForDeploymentPostprocessing = 0;
		};
		D21537C829B6101600220231 /* Resources */ = {
			isa = PBXResourcesBuildPhase;
			buildActionMask = 2147483647;
			files = (
			);
			runOnlyForDeploymentPostprocessing = 0;
		};
/* End PBXResourcesBuildPhase section */

/* Begin PBXSourcesBuildPhase section */
		D21537A629B6101300220231 /* Sources */ = {
			isa = PBXSourcesBuildPhase;
			buildActionMask = 2147483647;
			files = (
				D21537B229B6101400220231 /* ViewController.swift in Sources */,
				D21537AE29B6101400220231 /* AppDelegate.swift in Sources */,
				D21537B029B6101400220231 /* SceneDelegate.swift in Sources */,
			);
			runOnlyForDeploymentPostprocessing = 0;
		};
		D21537BC29B6101600220231 /* Sources */ = {
			isa = PBXSourcesBuildPhase;
			buildActionMask = 2147483647;
			files = (
				D21537C529B6101600220231 /* iosYasamDongusuTests.swift in Sources */,
			);
			runOnlyForDeploymentPostprocessing = 0;
		};
		D21537C629B6101600220231 /* Sources */ = {
			isa = PBXSourcesBuildPhase;
			buildActionMask = 2147483647;
			files = (
				D21537D129B6101600220231 /* iosYasamDongusuUITestsLaunchTests.swift in Sources */,
				D21537CF29B6101600220231 /* iosYasamDongusuUITests.swift in Sources */,
			);
			runOnlyForDeploymentPostprocessing = 0;
		};
/* End PBXSourcesBuildPhase section */

/* Begin PBXTargetDependency section */
		D21537C229B6101600220231 /* PBXTargetDependency */ = {
			isa = PBXTargetDependency;
			target = D21537A929B6101300220231 /* iosYasamDongusu */;
			targetProxy = D21537C129B6101600220231 /* PBXContainerItemProxy */;
		};
		D21537CC29B6101600220231 /* PBXTargetDependency */ = {
			isa = PBXTargetDependency;
			target = D21537A929B6101300220231 /* iosYasamDongusu */;
			targetProxy = D21537CB29B6101600220231 /* PBXContainerItemProxy */;
		};
/* End PBXTargetDependency section */

/* Begin PBXVariantGroup section */
		D21537B329B6101400220231 /* Main.storyboard */ = {
			isa = PBXVariantGroup;
			children = (
				D21537B429B6101400220231 /* Base */,
			);
			name = Main.storyboard;
			sourceTree = "<group>";
		};
		D21537B829B6101500220231 /* LaunchScreen.storyboard */ = {
			isa = PBXVariantGroup;
			children = (
				D21537B929B6101500220231 /* Base */,
			);
			name = LaunchScreen.storyboard;
			sourceTree = "<group>";
		};
/* End PBXVariantGroup section */

/* Begin XCBuildConfiguration section */
		D21537D229B6101600220231 /* Debug */ = {
			isa = XCBuildConfiguration;
			buildSettings = {
				ALWAYS_SEARCH_USER_PATHS = NO;
				CLANG_ANALYZER_NONNULL = YES;
				CLANG_ANALYZER_NUMBER_OBJECT_CONVERSION = YES_AGGRESSIVE;
				CLANG_CXX_LANGUAGE_STANDARD = "gnu++20";
				CLANG_ENABLE_MODULES = YES;
				CLANG_ENABLE_OBJC_ARC = YES;
				CLANG_ENABLE_OBJC_WEAK = YES;
				CLANG_WARN_BLOCK_CAPTURE_AUTORELEASING = YES;
				CLANG_WARN_BOOL_CONVERSION = YES;
				CLANG_WARN_COMMA = YES;
				CLANG_WARN_CONSTANT_CONVERSION = YES;
				CLANG_WARN_DEPRECATED_OBJC_IMPLEMENTATIONS = YES;
				CLANG_WARN_DIRECT_OBJC_ISA_USAGE = YES_ERROR;
				CLANG_WARN_DOCUMENTATION_COMMENTS = YES;
				CLANG_WARN_EMPTY_BODY = YES;
				CLANG_WARN_ENUM_CONVERSION = YES;
				CLANG_WARN_INFINITE_RECURSION = YES;
				CLANG_WARN_INT_CONVERSION = YES;
				CLANG_WARN_NON_LITERAL_NULL_CONVERSION = YES;
				CLANG_WARN_OBJC_IMPLICIT_RETAIN_SELF = YES;
				CLANG_WARN_OBJC_LITERAL_CONVERSION = YES;
				CLANG_WARN_OBJC_ROOT_CLASS = YES_ERROR;
				CLANG_WARN_QUOTED_INCLUDE_IN_FRAMEWORK_HEADER = YES;
				CLANG_WARN_RANGE_LOOP_ANALYSIS = YES;
				CLANG_WARN_STRICT_PROTOTYPES = YES;
				CLANG_WARN_SUSPICIOUS_MOVE = YES;
				CLANG_WARN_UNGUARDED_AVAILABILITY = YES_AGGRESSIVE;
				CLANG_WARN_UNREACHABLE_CODE = YES;
				CLANG_WARN__DUPLICATE_METHOD_MATCH = YES;
				COPY_PHASE_STRIP = NO;
				DEBUG_INFORMATION_FORMAT = dwarf;
				ENABLE_STRICT_OBJC_MSGSEND = YES;
				ENABLE_TESTABILITY = YES;
				GCC_C_LANGUAGE_STANDARD = gnu11;
				GCC_DYNAMIC_NO_PIC = NO;
				GCC_NO_COMMON_BLOCKS = YES;
				GCC_OPTIMIZATION_LEVEL = 0;
				GCC_PREPROCESSOR_DEFINITIONS = (
					"DEBUG=1",
					"$(inherited)",
				);
				GCC_WARN_64_TO_32_BIT_CONVERSION = YES;
				GCC_WARN_ABOUT_RETURN_TYPE = YES_ERROR;
				GCC_WARN_UNDECLARED_SELECTOR = YES;
				GCC_WARN_UNINITIALIZED_AUTOS = YES_AGGRESSIVE;
				GCC_WARN_UNUSED_FUNCTION = YES;
				GCC_WARN_UNUSED_VARIABLE = YES;
				IPHONEOS_DEPLOYMENT_TARGET = 16.2;
				MTL_ENABLE_DEBUG_INFO = INCLUDE_SOURCE;
				MTL_FAST_MATH = YES;
				ONLY_ACTIVE_ARCH = YES;
				SDKROOT = iphoneos;
				SWIFT_ACTIVE_COMPILATION_CONDITIONS = DEBUG;
				SWIFT_OPTIMIZATION_LEVEL = "-Onone";
			};
			name = Debug;
		};
		D21537D329B6101600220231 /* Release */ = {
			isa = XCBuildConfiguration;
			buildSettings = {
				ALWAYS_SEARCH_USER_PATHS = NO;
				CLANG_ANALYZER_NONNULL = YES;
				CLANG_ANALYZER_NUMBER_OBJECT_CONVERSION = YES_AGGRESSIVE;
				CLANG_CXX_LANGUAGE_STANDARD = "gnu++20";
				CLANG_ENABLE_MODULES = YES;
				CLANG_ENABLE_OBJC_ARC = YES;
				CLANG_ENABLE_OBJC_WEAK = YES;
				CLANG_WARN_BLOCK_CAPTURE_AUTORELEASING = YES;
				CLANG_WARN_BOOL_CONVERSION = YES;
				CLANG_WARN_COMMA = YES;
				CLANG_WARN_CONSTANT_CONVERSION = YES;
				CLANG_WARN_DEPRECATED_OBJC_IMPLEMENTATIONS = YES;
				CLANG_WARN_DIRECT_OBJC_ISA_USAGE = YES_ERROR;
				CLANG_WARN_DOCUMENTATION_COMMENTS = YES;
				CLANG_WARN_EMPTY_BODY = YES;
				CLANG_WARN_ENUM_CONVERSION = YES;
				CLANG_WARN_INFINITE_RECURSION = YES;
				CLANG_WARN_INT_CONVERSION = YES;
				CLANG_WARN_NON_LITERAL_NULL_CONVERSION = YES;
				CLANG_WARN_OBJC_IMPLICIT_RETAIN_SELF = YES;
				CLANG_WARN_OBJC_LITERAL_CONVERSION = YES;
				CLANG_WARN_OBJC_ROOT_CLASS = YES_ERROR;
				CLANG_WARN_QUOTED_INCLUDE_IN_FRAMEWORK_HEADER = YES;
				CLANG_WARN_RANGE_LOOP_ANALYSIS = YES;
				CLANG_WARN_STRICT_PROTOTYPES = YES;
				CLANG_WARN_SUSPICIOUS_MOVE = YES;
				CLANG_WARN_UNGUARDED_AVAILABILITY = YES_AGGRESSIVE;
				CLANG_WARN_UNREACHABLE_CODE = YES;
				CLANG_WARN__DUPLICATE_METHOD_MATCH = YES;
				COPY_PHASE_STRIP = NO;
				DEBUG_INFORMATION_FORMAT = "dwarf-with-dsym";
				ENABLE_NS_ASSERTIONS = NO;
				ENABLE_STRICT_OBJC_MSGSEND = YES;
				GCC_C_LANGUAGE_STANDARD = gnu11;
				GCC_NO_COMMON_BLOCKS = YES;
				GCC_WARN_64_TO_32_BIT_CONVERSION = YES;
				GCC_WARN_ABOUT_RETURN_TYPE = YES_ERROR;
				GCC_WARN_UNDECLARED_SELECTOR = YES;
				GCC_WARN_UNINITIALIZED_AUTOS = YES_AGGRESSIVE;
				GCC_WARN_UNUSED_FUNCTION = YES;
				GCC_WARN_UNUSED_VARIABLE = YES;
				IPHONEOS_DEPLOYMENT_TARGET = 16.2;
				MTL_ENABLE_DEBUG_INFO = NO;
				MTL_FAST_MATH = YES;
				SDKROOT = iphoneos;
				SWIFT_COMPILATION_MODE = wholemodule;
				SWIFT_OPTIMIZATION_LEVEL = "-O";
				VALIDATE_PRODUCT = YES;
			};
			name = Release;
		};
		D21537D529B6101600220231 /* Debug */ = {
			isa = XCBuildConfiguration;
			buildSettings = {
				ASSETCATALOG_COMPILER_APPICON_NAME = AppIcon;
				ASSETCATALOG_COMPILER_GLOBAL_ACCENT_COLOR_NAME = AccentColor;
				CODE_SIGN_STYLE = Automatic;
				CURRENT_PROJECT_VERSION = 1;
				DEVELOPMENT_TEAM = JV7N3RT6H2;
				GENERATE_INFOPLIST_FILE = YES;
				INFOPLIST_FILE = iosYasamDongusu/Info.plist;
				INFOPLIST_KEY_UIApplicationSupportsIndirectInputEvents = YES;
				INFOPLIST_KEY_UILaunchStoryboardName = LaunchScreen;
				INFOPLIST_KEY_UIMainStoryboardFile = Main;
				INFOPLIST_KEY_UISupportedInterfaceOrientations_iPad = "UIInterfaceOrientationPortrait UIInterfaceOrientationPortraitUpsideDown UIInterfaceOrientationLandscapeLeft UIInterfaceOrientationLandscapeRight";
				INFOPLIST_KEY_UISupportedInterfaceOrientations_iPhone = "UIInterfaceOrientationPortrait UIInterfaceOrientationLandscapeLeft UIInterfaceOrientationLandscapeRight";
				LD_RUNPATH_SEARCH_PATHS = (
					"$(inherited)",
					"@executable_path/Frameworks",
				);
				MARKETING_VERSION = 1.0;
				PRODUCT_BUNDLE_IDENTIFIER = com.iosYasamDongusu;
				PRODUCT_NAME = "$(TARGET_NAME)";
				SWIFT_EMIT_LOC_STRINGS = YES;
				SWIFT_VERSION = 5.0;
				TARGETED_DEVICE_FAMILY = "1,2";
			};
			name = Debug;
		};
		D21537D629B6101600220231 /* Release */ = {
			isa = XCBuildConfiguration;
			buildSettings = {
				ASSETCATALOG_COMPILER_APPICON_NAME = AppIcon;
				ASSETCATALOG_COMPILER_GLOBAL_ACCENT_COLOR_NAME = AccentColor;
				CODE_SIGN_STYLE = Automatic;
				CURRENT_PROJECT_VERSION = 1;
				DEVELOPMENT_TEAM = JV7N3RT6H2;
				GENERATE_INFOPLIST_FILE = YES;
				INFOPLIST_FILE = iosYasamDongusu/Info.plist;
				INFOPLIST_KEY_UIApplicationSupportsIndirectInputEvents = YES;
				INFOPLIST_KEY_UILaunchStoryboardName = LaunchScreen;
				INFOPLIST_KEY_UIMainStoryboardFile = Main;
				INFOPLIST_KEY_UISupportedInterfaceOrientations_iPad = "UIInterfaceOrientationPortrait UIInterfaceOrientationPortraitUpsideDown UIInterfaceOrientationLandscapeLeft UIInterfaceOrientationLandscapeRight";
				INFOPLIST_KEY_UISupportedInterfaceOrientations_iPhone = "UIInterfaceOrientationPortrait UIInterfaceOrientationLandscapeLeft UIInterfaceOrientationLandscapeRight";
				LD_RUNPATH_SEARCH_PATHS = (
					"$(inherited)",
					"@executable_path/Frameworks",
				);
				MARKETING_VERSION = 1.0;
				PRODUCT_BUNDLE_IDENTIFIER = com.iosYasamDongusu;
				PRODUCT_NAME = "$(TARGET_NAME)";
				SWIFT_EMIT_LOC_STRINGS = YES;
				SWIFT_VERSION = 5.0;
				TARGETED_DEVICE_FAMILY = "1,2";
			};
			name = Release;
		};
		D21537D829B6101600220231 /* Debug */ = {
			isa = XCBuildConfiguration;
			buildSettings = {
				ALWAYS_EMBED_SWIFT_STANDARD_LIBRARIES = YES;
				BUNDLE_LOADER = "$(TEST_HOST)";
				CODE_SIGN_STYLE = Automatic;
				CURRENT_PROJECT_VERSION = 1;
				DEVELOPMENT_TEAM = JV7N3RT6H2;
				GENERATE_INFOPLIST_FILE = YES;
				IPHONEOS_DEPLOYMENT_TARGET = 16.2;
				MARKETING_VERSION = 1.0;
				PRODUCT_BUNDLE_IDENTIFIER = com.iosYasamDongusuTests;
				PRODUCT_NAME = "$(TARGET_NAME)";
				SWIFT_EMIT_LOC_STRINGS = NO;
				SWIFT_VERSION = 5.0;
				TARGETED_DEVICE_FAMILY = "1,2";
				TEST_HOST = "$(BUILT_PRODUCTS_DIR)/iosYasamDongusu.app/$(BUNDLE_EXECUTABLE_FOLDER_PATH)/iosYasamDongusu";
			};
			name = Debug;
		};
		D21537D929B6101600220231 /* Release */ = {
			isa = XCBuildConfiguration;
			buildSettings = {
				ALWAYS_EMBED_SWIFT_STANDARD_LIBRARIES = YES;
				BUNDLE_LOADER = "$(TEST_HOST)";
				CODE_SIGN_STYLE = Automatic;
				CURRENT_PROJECT_VERSION = 1;
				DEVELOPMENT_TEAM = JV7N3RT6H2;
				GENERATE_INFOPLIST_FILE = YES;
				IPHONEOS_DEPLOYMENT_TARGET = 16.2;
				MARKETING_VERSION = 1.0;
				PRODUCT_BUNDLE_IDENTIFIER = com.iosYasamDongusuTests;
				PRODUCT_NAME = "$(TARGET_NAME)";
				SWIFT_EMIT_LOC_STRINGS = NO;
				SWIFT_VERSION = 5.0;
				TARGETED_DEVICE_FAMILY = "1,2";
				TEST_HOST = "$(BUILT_PRODUCTS_DIR)/iosYasamDongusu.app/$(BUNDLE_EXECUTABLE_FOLDER_PATH)/iosYasamDongusu";
			};
			name = Release;
		};
		D21537DB29B6101600220231 /* Debug */ = {
			isa = XCBuildConfiguration;
			buildSettings = {
				ALWAYS_EMBED_SWIFT_STANDARD_LIBRARIES = YES;
				CODE_SIGN_STYLE = Automatic;
				CURRENT_PROJECT_VERSION = 1;
				DEVELOPMENT_TEAM = JV7N3RT6H2;
				GENERATE_INFOPLIST_FILE = YES;
				MARKETING_VERSION = 1.0;
				PRODUCT_BUNDLE_IDENTIFIER = com.iosYasamDongusuUITests;
				PRODUCT_NAME = "$(TARGET_NAME)";
				SWIFT_EMIT_LOC_STRINGS = NO;
				SWIFT_VERSION = 5.0;
				TARGETED_DEVICE_FAMILY = "1,2";
				TEST_TARGET_NAME = iosYasamDongusu;
			};
			name = Debug;
		};
		D21537DC29B6101600220231 /* Release */ = {
			isa = XCBuildConfiguration;
			buildSettings = {
				ALWAYS_EMBED_SWIFT_STANDARD_LIBRARIES = YES;
				CODE_SIGN_STYLE = Automatic;
				CURRENT_PROJECT_VERSION = 1;
				DEVELOPMENT_TEAM = JV7N3RT6H2;
				GENERATE_INFOPLIST_FILE = YES;
				MARKETING_VERSION = 1.0;
				PRODUCT_BUNDLE_IDENTIFIER = com.iosYasamDongusuUITests;
				PRODUCT_NAME = "$(TARGET_NAME)";
				SWIFT_EMIT_LOC_STRINGS = NO;
				SWIFT_VERSION = 5.0;
				TARGETED_DEVICE_FAMILY = "1,2";
				TEST_TARGET_NAME = iosYasamDongusu;
			};
			name = Release;
		};
/* End XCBuildConfiguration section */

/* Begin XCConfigurationList section */
		D21537A529B6101300220231 /* Build configuration list for PBXProject "iosYasamDongusu" */ = {
			isa = XCConfigurationList;
			buildConfigurations = (
				D21537D229B6101600220231 /* Debug */,
				D21537D329B6101600220231 /* Release */,
			);
			defaultConfigurationIsVisible = 0;
			defaultConfigurationName = Release;
		};
		D21537D429B6101600220231 /* Build configuration list for PBXNativeTarget "iosYasamDongusu" */ = {
			isa = XCConfigurationList;
			buildConfigurations = (
				D21537D529B6101600220231 /* Debug */,
				D21537D629B6101600220231 /* Release */,
			);
			defaultConfigurationIsVisible = 0;
			defaultConfigurationName = Release;
		};
		D21537D729B6101600220231 /* Build configuration list for PBXNativeTarget "iosYasamDongusuTests" */ = {
			isa = XCConfigurationList;
			buildConfigurations = (
				D21537D829B6101600220231 /* Debug */,
				D21537D929B6101600220231 /* Release */,
			);
			defaultConfigurationIsVisible = 0;
			defaultConfigurationName = Release;
		};
		D21537DA29B6101600220231 /* Build configuration list for PBXNativeTarget "iosYasamDongusuUITests" */ = {
			isa = XCConfigurationList;
			buildConfigurations = (
				D21537DB29B6101600220231 /* Debug */,
				D21537DC29B6101600220231 /* Release */,
			);
			defaultConfigurationIsVisible = 0;
			defaultConfigurationName = Release;
		};
/* End XCConfigurationList section */
	};
	rootObject = D21537A229B6101300220231 /* Project object */;
}
