// !$*UTF8*$!
{
	archiveVersion = 1;
	classes = {
	};
	objectVersion = 56;
	objects = {

/* Begin PBXBuildFile section */
		D23EBE4E29C510E000D0E4A3 /* AppDelegate.swift in Sources */ = {isa = PBXBuildFile; fileRef = D23EBE4D29C510E000D0E4A3 /* AppDelegate.swift */; };
		D23EBE5029C510E000D0E4A3 /* SceneDelegate.swift in Sources */ = {isa = PBXBuildFile; fileRef = D23EBE4F29C510E000D0E4A3 /* SceneDelegate.swift */; };
		D23EBE5229C510E000D0E4A3 /* ViewController.swift in Sources */ = {isa = PBXBuildFile; fileRef = D23EBE5129C510E000D0E4A3 /* ViewController.swift */; };
		D23EBE5529C510E000D0E4A3 /* Main.storyboard in Resources */ = {isa = PBXBuildFile; fileRef = D23EBE5329C510E000D0E4A3 /* Main.storyboard */; };
		D23EBE5729C510E200D0E4A3 /* Assets.xcassets in Resources */ = {isa = PBXBuildFile; fileRef = D23EBE5629C510E200D0E4A3 /* Assets.xcassets */; };
		D23EBE5A29C510E200D0E4A3 /* LaunchScreen.storyboard in Resources */ = {isa = PBXBuildFile; fileRef = D23EBE5829C510E200D0E4A3 /* LaunchScreen.storyboard */; };
		D23EBE6529C510E200D0E4A3 /* textviewTests.swift in Sources */ = {isa = PBXBuildFile; fileRef = D23EBE6429C510E200D0E4A3 /* textviewTests.swift */; };
		D23EBE6F29C510E200D0E4A3 /* textviewUITests.swift in Sources */ = {isa = PBXBuildFile; fileRef = D23EBE6E29C510E200D0E4A3 /* textviewUITests.swift */; };
		D23EBE7129C510E200D0E4A3 /* textviewUITestsLaunchTests.swift in Sources */ = {isa = PBXBuildFile; fileRef = D23EBE7029C510E200D0E4A3 /* textviewUITestsLaunchTests.swift */; };
/* End PBXBuildFile section */

/* Begin PBXContainerItemProxy section */
		D23EBE6129C510E200D0E4A3 /* PBXContainerItemProxy */ = {
			isa = PBXContainerItemProxy;
			containerPortal = D23EBE4229C510DF00D0E4A3 /* Project object */;
			proxyType = 1;
			remoteGlobalIDString = D23EBE4929C510E000D0E4A3;
			remoteInfo = textview;
		};
		D23EBE6B29C510E200D0E4A3 /* PBXContainerItemProxy */ = {
			isa = PBXContainerItemProxy;
			containerPortal = D23EBE4229C510DF00D0E4A3 /* Project object */;
			proxyType = 1;
			remoteGlobalIDString = D23EBE4929C510E000D0E4A3;
			remoteInfo = textview;
		};
/* End PBXContainerItemProxy section */

/* Begin PBXFileReference section */
		D23EBE4A29C510E000D0E4A3 /* textview.app */ = {isa = PBXFileReference; explicitFileType = wrapper.application; includeInIndex = 0; path = textview.app; sourceTree = BUILT_PRODUCTS_DIR; };
		D23EBE4D29C510E000D0E4A3 /* AppDelegate.swift */ = {isa = PBXFileReference; lastKnownFileType = sourcecode.swift; path = AppDelegate.swift; sourceTree = "<group>"; };
		D23EBE4F29C510E000D0E4A3 /* SceneDelegate.swift */ = {isa = PBXFileReference; lastKnownFileType = sourcecode.swift; path = SceneDelegate.swift; sourceTree = "<group>"; };
		D23EBE5129C510E000D0E4A3 /* ViewController.swift */ = {isa = PBXFileReference; lastKnownFileType = sourcecode.swift; path = ViewController.swift; sourceTree = "<group>"; };
		D23EBE5429C510E000D0E4A3 /* Base */ = {isa = PBXFileReference; lastKnownFileType = file.storyboard; name = Base; path = Base.lproj/Main.storyboard; sourceTree = "<group>"; };
		D23EBE5629C510E200D0E4A3 /* Assets.xcassets */ = {isa = PBXFileReference; lastKnownFileType = folder.assetcatalog; path = Assets.xcassets; sourceTree = "<group>"; };
		D23EBE5929C510E200D0E4A3 /* Base */ = {isa = PBXFileReference; lastKnownFileType = file.storyboard; name = Base; path = Base.lproj/LaunchScreen.storyboard; sourceTree = "<group>"; };
		D23EBE5B29C510E200D0E4A3 /* Info.plist */ = {isa = PBXFileReference; lastKnownFileType = text.plist.xml; path = Info.plist; sourceTree = "<group>"; };
		D23EBE6029C510E200D0E4A3 /* textviewTests.xctest */ = {isa = PBXFileReference; explicitFileType = wrapper.cfbundle; includeInIndex = 0; path = textviewTests.xctest; sourceTree = BUILT_PRODUCTS_DIR; };
		D23EBE6429C510E200D0E4A3 /* textviewTests.swift */ = {isa = PBXFileReference; lastKnownFileType = sourcecode.swift; path = textviewTests.swift; sourceTree = "<group>"; };
		D23EBE6A29C510E200D0E4A3 /* textviewUITests.xctest */ = {isa = PBXFileReference; explicitFileType = wrapper.cfbundle; includeInIndex = 0; path = textviewUITests.xctest; sourceTree = BUILT_PRODUCTS_DIR; };
		D23EBE6E29C510E200D0E4A3 /* textviewUITests.swift */ = {isa = PBXFileReference; lastKnownFileType = sourcecode.swift; path = textviewUITests.swift; sourceTree = "<group>"; };
		D23EBE7029C510E200D0E4A3 /* textviewUITestsLaunchTests.swift */ = {isa = PBXFileReference; lastKnownFileType = sourcecode.swift; path = textviewUITestsLaunchTests.swift; sourceTree = "<group>"; };
/* End PBXFileReference section */

/* Begin PBXFrameworksBuildPhase section */
		D23EBE4729C510E000D0E4A3 /* Frameworks */ = {
			isa = PBXFrameworksBuildPhase;
			buildActionMask = 2147483647;
			files = (
			);
			runOnlyForDeploymentPostprocessing = 0;
		};
		D23EBE5D29C510E200D0E4A3 /* Frameworks */ = {
			isa = PBXFrameworksBuildPhase;
			buildActionMask = 2147483647;
			files = (
			);
			runOnlyForDeploymentPostprocessing = 0;
		};
		D23EBE6729C510E200D0E4A3 /* Frameworks */ = {
			isa = PBXFrameworksBuildPhase;
			buildActionMask = 2147483647;
			files = (
			);
			runOnlyForDeploymentPostprocessing = 0;
		};
/* End PBXFrameworksBuildPhase section */

/* Begin PBXGroup section */
		D23EBE4129C510DF00D0E4A3 = {
			isa = PBXGroup;
			children = (
				D23EBE4C29C510E000D0E4A3 /* textview */,
				D23EBE6329C510E200D0E4A3 /* textviewTests */,
				D23EBE6D29C510E200D0E4A3 /* textviewUITests */,
				D23EBE4B29C510E000D0E4A3 /* Products */,
			);
			sourceTree = "<group>";
		};
		D23EBE4B29C510E000D0E4A3 /* Products */ = {
			isa = PBXGroup;
			children = (
				D23EBE4A29C510E000D0E4A3 /* textview.app */,
				D23EBE6029C510E200D0E4A3 /* textviewTests.xctest */,
				D23EBE6A29C510E200D0E4A3 /* textviewUITests.xctest */,
			);
			name = Products;
			sourceTree = "<group>";
		};
		D23EBE4C29C510E000D0E4A3 /* textview */ = {
			isa = PBXGroup;
			children = (
				D23EBE4D29C510E000D0E4A3 /* AppDelegate.swift */,
				D23EBE4F29C510E000D0E4A3 /* SceneDelegate.swift */,
				D23EBE5129C510E000D0E4A3 /* ViewController.swift */,
				D23EBE5329C510E000D0E4A3 /* Main.storyboard */,
				D23EBE5629C510E200D0E4A3 /* Assets.xcassets */,
				D23EBE5829C510E200D0E4A3 /* LaunchScreen.storyboard */,
				D23EBE5B29C510E200D0E4A3 /* Info.plist */,
			);
			path = textview;
			sourceTree = "<group>";
		};
		D23EBE6329C510E200D0E4A3 /* textviewTests */ = {
			isa = PBXGroup;
			children = (
				D23EBE6429C510E200D0E4A3 /* textviewTests.swift */,
			);
			path = textviewTests;
			sourceTree = "<group>";
		};
		D23EBE6D29C510E200D0E4A3 /* textviewUITests */ = {
			isa = PBXGroup;
			children = (
				D23EBE6E29C510E200D0E4A3 /* textviewUITests.swift */,
				D23EBE7029C510E200D0E4A3 /* textviewUITestsLaunchTests.swift */,
			);
			path = textviewUITests;
			sourceTree = "<group>";
		};
/* End PBXGroup section */

/* Begin PBXNativeTarget section */
		D23EBE4929C510E000D0E4A3 /* textview */ = {
			isa = PBXNativeTarget;
			buildConfigurationList = D23EBE7429C510E200D0E4A3 /* Build configuration list for PBXNativeTarget "textview" */;
			buildPhases = (
				D23EBE4629C510E000D0E4A3 /* Sources */,
				D23EBE4729C510E000D0E4A3 /* Frameworks */,
				D23EBE4829C510E000D0E4A3 /* Resources */,
			);
			buildRules = (
			);
			dependencies = (
			);
			name = textview;
			productName = textview;
			productReference = D23EBE4A29C510E000D0E4A3 /* textview.app */;
			productType = "com.apple.product-type.application";
		};
		D23EBE5F29C510E200D0E4A3 /* textviewTests */ = {
			isa = PBXNativeTarget;
			buildConfigurationList = D23EBE7729C510E200D0E4A3 /* Build configuration list for PBXNativeTarget "textviewTests" */;
			buildPhases = (
				D23EBE5C29C510E200D0E4A3 /* Sources */,
				D23EBE5D29C510E200D0E4A3 /* Frameworks */,
				D23EBE5E29C510E200D0E4A3 /* Resources */,
			);
			buildRules = (
			);
			dependencies = (
				D23EBE6229C510E200D0E4A3 /* PBXTargetDependency */,
			);
			name = textviewTests;
			productName = textviewTests;
			productReference = D23EBE6029C510E200D0E4A3 /* textviewTests.xctest */;
			productType = "com.apple.product-type.bundle.unit-test";
		};
		D23EBE6929C510E200D0E4A3 /* textviewUITests */ = {
			isa = PBXNativeTarget;
			buildConfigurationList = D23EBE7A29C510E200D0E4A3 /* Build configuration list for PBXNativeTarget "textviewUITests" */;
			buildPhases = (
				D23EBE6629C510E200D0E4A3 /* Sources */,
				D23EBE6729C510E200D0E4A3 /* Frameworks */,
				D23EBE6829C510E200D0E4A3 /* Resources */,
			);
			buildRules = (
			);
			dependencies = (
				D23EBE6C29C510E200D0E4A3 /* PBXTargetDependency */,
			);
			name = textviewUITests;
			productName = textviewUITests;
			productReference = D23EBE6A29C510E200D0E4A3 /* textviewUITests.xctest */;
			productType = "com.apple.product-type.bundle.ui-testing";
		};
/* End PBXNativeTarget section */

/* Begin PBXProject section */
		D23EBE4229C510DF00D0E4A3 /* Project object */ = {
			isa = PBXProject;
			attributes = {
				BuildIndependentTargetsInParallel = 1;
				LastSwiftUpdateCheck = 1420;
				LastUpgradeCheck = 1420;
				TargetAttributes = {
					D23EBE4929C510E000D0E4A3 = {
						CreatedOnToolsVersion = 14.2;
					};
					D23EBE5F29C510E200D0E4A3 = {
						CreatedOnToolsVersion = 14.2;
						TestTargetID = D23EBE4929C510E000D0E4A3;
					};
					D23EBE6929C510E200D0E4A3 = {
						CreatedOnToolsVersion = 14.2;
						TestTargetID = D23EBE4929C510E000D0E4A3;
					};
				};
			};
			buildConfigurationList = D23EBE4529C510DF00D0E4A3 /* Build configuration list for PBXProject "textview" */;
			compatibilityVersion = "Xcode 14.0";
			developmentRegion = en;
			hasScannedForEncodings = 0;
			knownRegions = (
				en,
				Base,
			);
			mainGroup = D23EBE4129C510DF00D0E4A3;
			productRefGroup = D23EBE4B29C510E000D0E4A3 /* Products */;
			projectDirPath = "";
			projectRoot = "";
			targets = (
				D23EBE4929C510E000D0E4A3 /* textview */,
				D23EBE5F29C510E200D0E4A3 /* textviewTests */,
				D23EBE6929C510E200D0E4A3 /* textviewUITests */,
			);
		};
/* End PBXProject section */

/* Begin PBXResourcesBuildPhase section */
		D23EBE4829C510E000D0E4A3 /* Resources */ = {
			isa = PBXResourcesBuildPhase;
			buildActionMask = 2147483647;
			files = (
				D23EBE5A29C510E200D0E4A3 /* LaunchScreen.storyboard in Resources */,
				D23EBE5729C510E200D0E4A3 /* Assets.xcassets in Resources */,
				D23EBE5529C510E000D0E4A3 /* Main.storyboard in Resources */,
			);
			runOnlyForDeploymentPostprocessing = 0;
		};
		D23EBE5E29C510E200D0E4A3 /* Resources */ = {
			isa = PBXResourcesBuildPhase;
			buildActionMask = 2147483647;
			files = (
			);
			runOnlyForDeploymentPostprocessing = 0;
		};
		D23EBE6829C510E200D0E4A3 /* Resources */ = {
			isa = PBXResourcesBuildPhase;
			buildActionMask = 2147483647;
			files = (
			);
			runOnlyForDeploymentPostprocessing = 0;
		};
/* End PBXResourcesBuildPhase section */

/* Begin PBXSourcesBuildPhase section */
		D23EBE4629C510E000D0E4A3 /* Sources */ = {
			isa = PBXSourcesBuildPhase;
			buildActionMask = 2147483647;
			files = (
				D23EBE5229C510E000D0E4A3 /* ViewController.swift in Sources */,
				D23EBE4E29C510E000D0E4A3 /* AppDelegate.swift in Sources */,
				D23EBE5029C510E000D0E4A3 /* SceneDelegate.swift in Sources */,
			);
			runOnlyForDeploymentPostprocessing = 0;
		};
		D23EBE5C29C510E200D0E4A3 /* Sources */ = {
			isa = PBXSourcesBuildPhase;
			buildActionMask = 2147483647;
			files = (
				D23EBE6529C510E200D0E4A3 /* textviewTests.swift in Sources */,
			);
			runOnlyForDeploymentPostprocessing = 0;
		};
		D23EBE6629C510E200D0E4A3 /* Sources */ = {
			isa = PBXSourcesBuildPhase;
			buildActionMask = 2147483647;
			files = (
				D23EBE7129C510E200D0E4A3 /* textviewUITestsLaunchTests.swift in Sources */,
				D23EBE6F29C510E200D0E4A3 /* textviewUITests.swift in Sources */,
			);
			runOnlyForDeploymentPostprocessing = 0;
		};
/* End PBXSourcesBuildPhase section */

/* Begin PBXTargetDependency section */
		D23EBE6229C510E200D0E4A3 /* PBXTargetDependency */ = {
			isa = PBXTargetDependency;
			target = D23EBE4929C510E000D0E4A3 /* textview */;
			targetProxy = D23EBE6129C510E200D0E4A3 /* PBXContainerItemProxy */;
		};
		D23EBE6C29C510E200D0E4A3 /* PBXTargetDependency */ = {
			isa = PBXTargetDependency;
			target = D23EBE4929C510E000D0E4A3 /* textview */;
			targetProxy = D23EBE6B29C510E200D0E4A3 /* PBXContainerItemProxy */;
		};
/* End PBXTargetDependency section */

/* Begin PBXVariantGroup section */
		D23EBE5329C510E000D0E4A3 /* Main.storyboard */ = {
			isa = PBXVariantGroup;
			children = (
				D23EBE5429C510E000D0E4A3 /* Base */,
			);
			name = Main.storyboard;
			sourceTree = "<group>";
		};
		D23EBE5829C510E200D0E4A3 /* LaunchScreen.storyboard */ = {
			isa = PBXVariantGroup;
			children = (
				D23EBE5929C510E200D0E4A3 /* Base */,
			);
			name = LaunchScreen.storyboard;
			sourceTree = "<group>";
		};
/* End PBXVariantGroup section */

/* Begin XCBuildConfiguration section */
		D23EBE7229C510E200D0E4A3 /* Debug */ = {
			isa = XCBuildConfiguration;
			buildSettings = {
				ALWAYS_SEARCH_USER_PATHS = NO;
				CLANG_ANALYZER_NONNULL = YES;
				CLANG_ANALYZER_NUMBER_OBJECT_CONVERSION = YES_AGGRESSIVE;
				CLANG_CXX_LANGUAGE_STANDARD = "gnu++20";
				CLANG_ENABLE_MODULES = YES;
				CLANG_ENABLE_OBJC_ARC = YES;
				CLANG_ENABLE_OBJC_WEAK = YES;
				CLANG_WARN_BLOCK_CAPTURE_AUTORELEASING = YES;
				CLANG_WARN_BOOL_CONVERSION = YES;
				CLANG_WARN_COMMA = YES;
				CLANG_WARN_CONSTANT_CONVERSION = YES;
				CLANG_WARN_DEPRECATED_OBJC_IMPLEMENTATIONS = YES;
				CLANG_WARN_DIRECT_OBJC_ISA_USAGE = YES_ERROR;
				CLANG_WARN_DOCUMENTATION_COMMENTS = YES;
				CLANG_WARN_EMPTY_BODY = YES;
				CLANG_WARN_ENUM_CONVERSION = YES;
				CLANG_WARN_INFINITE_RECURSION = YES;
				CLANG_WARN_INT_CONVERSION = YES;
				CLANG_WARN_NON_LITERAL_NULL_CONVERSION = YES;
				CLANG_WARN_OBJC_IMPLICIT_RETAIN_SELF = YES;
				CLANG_WARN_OBJC_LITERAL_CONVERSION = YES;
				CLANG_WARN_OBJC_ROOT_CLASS = YES_ERROR;
				CLANG_WARN_QUOTED_INCLUDE_IN_FRAMEWORK_HEADER = YES;
				CLANG_WARN_RANGE_LOOP_ANALYSIS = YES;
				CLANG_WARN_STRICT_PROTOTYPES = YES;
				CLANG_WARN_SUSPICIOUS_MOVE = YES;
				CLANG_WARN_UNGUARDED_AVAILABILITY = YES_AGGRESSIVE;
				CLANG_WARN_UNREACHABLE_CODE = YES;
				CLANG_WARN__DUPLICATE_METHOD_MATCH = YES;
				COPY_PHASE_STRIP = NO;
				DEBUG_INFORMATION_FORMAT = dwarf;
				ENABLE_STRICT_OBJC_MSGSEND = YES;
				ENABLE_TESTABILITY = YES;
				GCC_C_LANGUAGE_STANDARD = gnu11;
				GCC_DYNAMIC_NO_PIC = NO;
				GCC_NO_COMMON_BLOCKS = YES;
				GCC_OPTIMIZATION_LEVEL = 0;
				GCC_PREPROCESSOR_DEFINITIONS = (
					"DEBUG=1",
					"$(inherited)",
				);
				GCC_WARN_64_TO_32_BIT_CONVERSION = YES;
				GCC_WARN_ABOUT_RETURN_TYPE = YES_ERROR;
				GCC_WARN_UNDECLARED_SELECTOR = YES;
				GCC_WARN_UNINITIALIZED_AUTOS = YES_AGGRESSIVE;
				GCC_WARN_UNUSED_FUNCTION = YES;
				GCC_WARN_UNUSED_VARIABLE = YES;
				IPHONEOS_DEPLOYMENT_TARGET = 16.2;
				MTL_ENABLE_DEBUG_INFO = INCLUDE_SOURCE;
				MTL_FAST_MATH = YES;
				ONLY_ACTIVE_ARCH = YES;
				SDKROOT = iphoneos;
				SWIFT_ACTIVE_COMPILATION_CONDITIONS = DEBUG;
				SWIFT_OPTIMIZATION_LEVEL = "-Onone";
			};
			name = Debug;
		};
		D23EBE7329C510E200D0E4A3 /* Release */ = {
			isa = XCBuildConfiguration;
			buildSettings = {
				ALWAYS_SEARCH_USER_PATHS = NO;
				CLANG_ANALYZER_NONNULL = YES;
				CLANG_ANALYZER_NUMBER_OBJECT_CONVERSION = YES_AGGRESSIVE;
				CLANG_CXX_LANGUAGE_STANDARD = "gnu++20";
				CLANG_ENABLE_MODULES = YES;
				CLANG_ENABLE_OBJC_ARC = YES;
				CLANG_ENABLE_OBJC_WEAK = YES;
				CLANG_WARN_BLOCK_CAPTURE_AUTORELEASING = YES;
				CLANG_WARN_BOOL_CONVERSION = YES;
				CLANG_WARN_COMMA = YES;
				CLANG_WARN_CONSTANT_CONVERSION = YES;
				CLANG_WARN_DEPRECATED_OBJC_IMPLEMENTATIONS = YES;
				CLANG_WARN_DIRECT_OBJC_ISA_USAGE = YES_ERROR;
				CLANG_WARN_DOCUMENTATION_COMMENTS = YES;
				CLANG_WARN_EMPTY_BODY = YES;
				CLANG_WARN_ENUM_CONVERSION = YES;
				CLANG_WARN_INFINITE_RECURSION = YES;
				CLANG_WARN_INT_CONVERSION = YES;
				CLANG_WARN_NON_LITERAL_NULL_CONVERSION = YES;
				CLANG_WARN_OBJC_IMPLICIT_RETAIN_SELF = YES;
				CLANG_WARN_OBJC_LITERAL_CONVERSION = YES;
				CLANG_WARN_OBJC_ROOT_CLASS = YES_ERROR;
				CLANG_WARN_QUOTED_INCLUDE_IN_FRAMEWORK_HEADER = YES;
				CLANG_WARN_RANGE_LOOP_ANALYSIS = YES;
				CLANG_WARN_STRICT_PROTOTYPES = YES;
				CLANG_WARN_SUSPICIOUS_MOVE = YES;
				CLANG_WARN_UNGUARDED_AVAILABILITY = YES_AGGRESSIVE;
				CLANG_WARN_UNREACHABLE_CODE = YES;
				CLANG_WARN__DUPLICATE_METHOD_MATCH = YES;
				COPY_PHASE_STRIP = NO;
				DEBUG_INFORMATION_FORMAT = "dwarf-with-dsym";
				ENABLE_NS_ASSERTIONS = NO;
				ENABLE_STRICT_OBJC_MSGSEND = YES;
				GCC_C_LANGUAGE_STANDARD = gnu11;
				GCC_NO_COMMON_BLOCKS = YES;
				GCC_WARN_64_TO_32_BIT_CONVERSION = YES;
				GCC_WARN_ABOUT_RETURN_TYPE = YES_ERROR;
				GCC_WARN_UNDECLARED_SELECTOR = YES;
				GCC_WARN_UNINITIALIZED_AUTOS = YES_AGGRESSIVE;
				GCC_WARN_UNUSED_FUNCTION = YES;
				GCC_WARN_UNUSED_VARIABLE = YES;
				IPHONEOS_DEPLOYMENT_TARGET = 16.2;
				MTL_ENABLE_DEBUG_INFO = NO;
				MTL_FAST_MATH = YES;
				SDKROOT = iphoneos;
				SWIFT_COMPILATION_MODE = wholemodule;
				SWIFT_OPTIMIZATION_LEVEL = "-O";
				VALIDATE_PRODUCT = YES;
			};
			name = Release;
		};
		D23EBE7529C510E200D0E4A3 /* Debug */ = {
			isa = XCBuildConfiguration;
			buildSettings = {
				ASSETCATALOG_COMPILER_APPICON_NAME = AppIcon;
				ASSETCATALOG_COMPILER_GLOBAL_ACCENT_COLOR_NAME = AccentColor;
				CODE_SIGN_STYLE = Automatic;
				CURRENT_PROJECT_VERSION = 1;
				GENERATE_INFOPLIST_FILE = YES;
				INFOPLIST_FILE = textview/Info.plist;
				INFOPLIST_KEY_UIApplicationSupportsIndirectInputEvents = YES;
				INFOPLIST_KEY_UILaunchStoryboardName = LaunchScreen;
				INFOPLIST_KEY_UIMainStoryboardFile = Main;
				INFOPLIST_KEY_UISupportedInterfaceOrientations_iPad = "UIInterfaceOrientationPortrait UIInterfaceOrientationPortraitUpsideDown UIInterfaceOrientationLandscapeLeft UIInterfaceOrientationLandscapeRight";
				INFOPLIST_KEY_UISupportedInterfaceOrientations_iPhone = "UIInterfaceOrientationPortrait UIInterfaceOrientationLandscapeLeft UIInterfaceOrientationLandscapeRight";
				LD_RUNPATH_SEARCH_PATHS = (
					"$(inherited)",
					"@executable_path/Frameworks",
				);
				MARKETING_VERSION = 1.0;
				PRODUCT_BUNDLE_IDENTIFIER = com.textview;
				PRODUCT_NAME = "$(TARGET_NAME)";
				SWIFT_EMIT_LOC_STRINGS = YES;
				SWIFT_VERSION = 5.0;
				TARGETED_DEVICE_FAMILY = "1,2";
			};
			name = Debug;
		};
		D23EBE7629C510E200D0E4A3 /* Release */ = {
			isa = XCBuildConfiguration;
			buildSettings = {
				ASSETCATALOG_COMPILER_APPICON_NAME = AppIcon;
				ASSETCATALOG_COMPILER_GLOBAL_ACCENT_COLOR_NAME = AccentColor;
				CODE_SIGN_STYLE = Automatic;
				CURRENT_PROJECT_VERSION = 1;
				GENERATE_INFOPLIST_FILE = YES;
				INFOPLIST_FILE = textview/Info.plist;
				INFOPLIST_KEY_UIApplicationSupportsIndirectInputEvents = YES;
				INFOPLIST_KEY_UILaunchStoryboardName = LaunchScreen;
				INFOPLIST_KEY_UIMainStoryboardFile = Main;
				INFOPLIST_KEY_UISupportedInterfaceOrientations_iPad = "UIInterfaceOrientationPortrait UIInterfaceOrientationPortraitUpsideDown UIInterfaceOrientationLandscapeLeft UIInterfaceOrientationLandscapeRight";
				INFOPLIST_KEY_UISupportedInterfaceOrientations_iPhone = "UIInterfaceOrientationPortrait UIInterfaceOrientationLandscapeLeft UIInterfaceOrientationLandscapeRight";
				LD_RUNPATH_SEARCH_PATHS = (
					"$(inherited)",
					"@executable_path/Frameworks",
				);
				MARKETING_VERSION = 1.0;
				PRODUCT_BUNDLE_IDENTIFIER = com.textview;
				PRODUCT_NAME = "$(TARGET_NAME)";
				SWIFT_EMIT_LOC_STRINGS = YES;
				SWIFT_VERSION = 5.0;
				TARGETED_DEVICE_FAMILY = "1,2";
			};
			name = Release;
		};
		D23EBE7829C510E200D0E4A3 /* Debug */ = {
			isa = XCBuildConfiguration;
			buildSettings = {
				ALWAYS_EMBED_SWIFT_STANDARD_LIBRARIES = YES;
				BUNDLE_LOADER = "$(TEST_HOST)";
				CODE_SIGN_STYLE = Automatic;
				CURRENT_PROJECT_VERSION = 1;
				GENERATE_INFOPLIST_FILE = YES;
				IPHONEOS_DEPLOYMENT_TARGET = 16.2;
				MARKETING_VERSION = 1.0;
				PRODUCT_BUNDLE_IDENTIFIER = com.textviewTests;
				PRODUCT_NAME = "$(TARGET_NAME)";
				SWIFT_EMIT_LOC_STRINGS = NO;
				SWIFT_VERSION = 5.0;
				TARGETED_DEVICE_FAMILY = "1,2";
				TEST_HOST = "$(BUILT_PRODUCTS_DIR)/textview.app/$(BUNDLE_EXECUTABLE_FOLDER_PATH)/textview";
			};
			name = Debug;
		};
		D23EBE7929C510E200D0E4A3 /* Release */ = {
			isa = XCBuildConfiguration;
			buildSettings = {
				ALWAYS_EMBED_SWIFT_STANDARD_LIBRARIES = YES;
				BUNDLE_LOADER = "$(TEST_HOST)";
				CODE_SIGN_STYLE = Automatic;
				CURRENT_PROJECT_VERSION = 1;
				GENERATE_INFOPLIST_FILE = YES;
				IPHONEOS_DEPLOYMENT_TARGET = 16.2;
				MARKETING_VERSION = 1.0;
				PRODUCT_BUNDLE_IDENTIFIER = com.textviewTests;
				PRODUCT_NAME = "$(TARGET_NAME)";
				SWIFT_EMIT_LOC_STRINGS = NO;
				SWIFT_VERSION = 5.0;
				TARGETED_DEVICE_FAMILY = "1,2";
				TEST_HOST = "$(BUILT_PRODUCTS_DIR)/textview.app/$(BUNDLE_EXECUTABLE_FOLDER_PATH)/textview";
			};
			name = Release;
		};
		D23EBE7B29C510E200D0E4A3 /* Debug */ = {
			isa = XCBuildConfiguration;
			buildSettings = {
				ALWAYS_EMBED_SWIFT_STANDARD_LIBRARIES = YES;
				CODE_SIGN_STYLE = Automatic;
				CURRENT_PROJECT_VERSION = 1;
				GENERATE_INFOPLIST_FILE = YES;
				MARKETING_VERSION = 1.0;
				PRODUCT_BUNDLE_IDENTIFIER = com.textviewUITests;
				PRODUCT_NAME = "$(TARGET_NAME)";
				SWIFT_EMIT_LOC_STRINGS = NO;
				SWIFT_VERSION = 5.0;
				TARGETED_DEVICE_FAMILY = "1,2";
				TEST_TARGET_NAME = textview;
			};
			name = Debug;
		};
		D23EBE7C29C510E200D0E4A3 /* Release */ = {
			isa = XCBuildConfiguration;
			buildSettings = {
				ALWAYS_EMBED_SWIFT_STANDARD_LIBRARIES = YES;
				CODE_SIGN_STYLE = Automatic;
				CURRENT_PROJECT_VERSION = 1;
				GENERATE_INFOPLIST_FILE = YES;
				MARKETING_VERSION = 1.0;
				PRODUCT_BUNDLE_IDENTIFIER = com.textviewUITests;
				PRODUCT_NAME = "$(TARGET_NAME)";
				SWIFT_EMIT_LOC_STRINGS = NO;
				SWIFT_VERSION = 5.0;
				TARGETED_DEVICE_FAMILY = "1,2";
				TEST_TARGET_NAME = textview;
			};
			name = Release;
		};
/* End XCBuildConfiguration section */

/* Begin XCConfigurationList section */
		D23EBE4529C510DF00D0E4A3 /* Build configuration list for PBXProject "textview" */ = {
			isa = XCConfigurationList;
			buildConfigurations = (
				D23EBE7229C510E200D0E4A3 /* Debug */,
				D23EBE7329C510E200D0E4A3 /* Release */,
			);
			defaultConfigurationIsVisible = 0;
			defaultConfigurationName = Release;
		};
		D23EBE7429C510E200D0E4A3 /* Build configuration list for PBXNativeTarget "textview" */ = {
			isa = XCConfigurationList;
			buildConfigurations = (
				D23EBE7529C510E200D0E4A3 /* Debug */,
				D23EBE7629C510E200D0E4A3 /* Release */,
			);
			defaultConfigurationIsVisible = 0;
			defaultConfigurationName = Release;
		};
		D23EBE7729C510E200D0E4A3 /* Build configuration list for PBXNativeTarget "textviewTests" */ = {
			isa = XCConfigurationList;
			buildConfigurations = (
				D23EBE7829C510E200D0E4A3 /* Debug */,
				D23EBE7929C510E200D0E4A3 /* Release */,
			);
			defaultConfigurationIsVisible = 0;
			defaultConfigurationName = Release;
		};
		D23EBE7A29C510E200D0E4A3 /* Build configuration list for PBXNativeTarget "textviewUITests" */ = {
			isa = XCConfigurationList;
			buildConfigurations = (
				D23EBE7B29C510E200D0E4A3 /* Debug */,
				D23EBE7C29C510E200D0E4A3 /* Release */,
			);
			defaultConfigurationIsVisible = 0;
			defaultConfigurationName = Release;
		};
/* End XCConfigurationList section */
	};
	rootObject = D23EBE4229C510DF00D0E4A3 /* Project object */;
}
