// !$*UTF8*$!
{
	archiveVersion = 1;
	classes = {
	};
	objectVersion = 56;
	objects = {

/* Begin PBXBuildFile section */
		D2A43E9C2AB1FB8B0005457D /* AppDelegate.swift in Sources */ = {isa = PBXBuildFile; fileRef = D2A43E9B2AB1FB8B0005457D /* AppDelegate.swift */; };
		D2A43E9E2AB1FB8B0005457D /* SceneDelegate.swift in Sources */ = {isa = PBXBuildFile; fileRef = D2A43E9D2AB1FB8B0005457D /* SceneDelegate.swift */; };
		D2A43EA02AB1FB8B0005457D /* ViewController.swift in Sources */ = {isa = PBXBuildFile; fileRef = D2A43E9F2AB1FB8B0005457D /* ViewController.swift */; };
		D2A43EA32AB1FB8B0005457D /* Main.storyboard in Resources */ = {isa = PBXBuildFile; fileRef = D2A43EA12AB1FB8B0005457D /* Main.storyboard */; };
		D2A43EA52AB1FB8E0005457D /* Assets.xcassets in Resources */ = {isa = PBXBuildFile; fileRef = D2A43EA42AB1FB8E0005457D /* Assets.xcassets */; };
		D2A43EA82AB1FB8E0005457D /* LaunchScreen.storyboard in Resources */ = {isa = PBXBuildFile; fileRef = D2A43EA62AB1FB8E0005457D /* LaunchScreen.storyboard */; };
		D2A43EB32AB1FB8E0005457D /* Kullanici_EtkilesimiTests.swift in Sources */ = {isa = PBXBuildFile; fileRef = D2A43EB22AB1FB8E0005457D /* Kullanici_EtkilesimiTests.swift */; };
		D2A43EBD2AB1FB8E0005457D /* Kullanici_EtkilesimiUITests.swift in Sources */ = {isa = PBXBuildFile; fileRef = D2A43EBC2AB1FB8E0005457D /* Kullanici_EtkilesimiUITests.swift */; };
		D2A43EBF2AB1FB8E0005457D /* Kullanici_EtkilesimiUITestsLaunchTests.swift in Sources */ = {isa = PBXBuildFile; fileRef = D2A43EBE2AB1FB8E0005457D /* Kullanici_EtkilesimiUITestsLaunchTests.swift */; };
/* End PBXBuildFile section */

/* Begin PBXContainerItemProxy section */
		D2A43EAF2AB1FB8E0005457D /* PBXContainerItemProxy */ = {
			isa = PBXContainerItemProxy;
			containerPortal = D2A43E902AB1FB8B0005457D /* Project object */;
			proxyType = 1;
			remoteGlobalIDString = D2A43E972AB1FB8B0005457D;
			remoteInfo = "Kullanici Etkilesimi";
		};
		D2A43EB92AB1FB8E0005457D /* PBXContainerItemProxy */ = {
			isa = PBXContainerItemProxy;
			containerPortal = D2A43E902AB1FB8B0005457D /* Project object */;
			proxyType = 1;
			remoteGlobalIDString = D2A43E972AB1FB8B0005457D;
			remoteInfo = "Kullanici Etkilesimi";
		};
/* End PBXContainerItemProxy section */

/* Begin PBXFileReference section */
		D2A43E982AB1FB8B0005457D /* Kullanici Etkilesimi.app */ = {isa = PBXFileReference; explicitFileType = wrapper.application; includeInIndex = 0; path = "Kullanici Etkilesimi.app"; sourceTree = BUILT_PRODUCTS_DIR; };
		D2A43E9B2AB1FB8B0005457D /* AppDelegate.swift */ = {isa = PBXFileReference; lastKnownFileType = sourcecode.swift; path = AppDelegate.swift; sourceTree = "<group>"; };
		D2A43E9D2AB1FB8B0005457D /* SceneDelegate.swift */ = {isa = PBXFileReference; lastKnownFileType = sourcecode.swift; path = SceneDelegate.swift; sourceTree = "<group>"; };
		D2A43E9F2AB1FB8B0005457D /* ViewController.swift */ = {isa = PBXFileReference; lastKnownFileType = sourcecode.swift; path = ViewController.swift; sourceTree = "<group>"; };
		D2A43EA22AB1FB8B0005457D /* Base */ = {isa = PBXFileReference; lastKnownFileType = file.storyboard; name = Base; path = Base.lproj/Main.storyboard; sourceTree = "<group>"; };
		D2A43EA42AB1FB8E0005457D /* Assets.xcassets */ = {isa = PBXFileReference; lastKnownFileType = folder.assetcatalog; path = Assets.xcassets; sourceTree = "<group>"; };
		D2A43EA72AB1FB8E0005457D /* Base */ = {isa = PBXFileReference; lastKnownFileType = file.storyboard; name = Base; path = Base.lproj/LaunchScreen.storyboard; sourceTree = "<group>"; };
		D2A43EA92AB1FB8E0005457D /* Info.plist */ = {isa = PBXFileReference; lastKnownFileType = text.plist.xml; path = Info.plist; sourceTree = "<group>"; };
		D2A43EAE2AB1FB8E0005457D /* Kullanici EtkilesimiTests.xctest */ = {isa = PBXFileReference; explicitFileType = wrapper.cfbundle; includeInIndex = 0; path = "Kullanici EtkilesimiTests.xctest"; sourceTree = BUILT_PRODUCTS_DIR; };
		D2A43EB22AB1FB8E0005457D /* Kullanici_EtkilesimiTests.swift */ = {isa = PBXFileReference; lastKnownFileType = sourcecode.swift; path = Kullanici_EtkilesimiTests.swift; sourceTree = "<group>"; };
		D2A43EB82AB1FB8E0005457D /* Kullanici EtkilesimiUITests.xctest */ = {isa = PBXFileReference; explicitFileType = wrapper.cfbundle; includeInIndex = 0; path = "Kullanici EtkilesimiUITests.xctest"; sourceTree = BUILT_PRODUCTS_DIR; };
		D2A43EBC2AB1FB8E0005457D /* Kullanici_EtkilesimiUITests.swift */ = {isa = PBXFileReference; lastKnownFileType = sourcecode.swift; path = Kullanici_EtkilesimiUITests.swift; sourceTree = "<group>"; };
		D2A43EBE2AB1FB8E0005457D /* Kullanici_EtkilesimiUITestsLaunchTests.swift */ = {isa = PBXFileReference; lastKnownFileType = sourcecode.swift; path = Kullanici_EtkilesimiUITestsLaunchTests.swift; sourceTree = "<group>"; };
/* End PBXFileReference section */

/* Begin PBXFrameworksBuildPhase section */
		D2A43E952AB1FB8B0005457D /* Frameworks */ = {
			isa = PBXFrameworksBuildPhase;
			buildActionMask = 2147483647;
			files = (
			);
			runOnlyForDeploymentPostprocessing = 0;
		};
		D2A43EAB2AB1FB8E0005457D /* Frameworks */ = {
			isa = PBXFrameworksBuildPhase;
			buildActionMask = 2147483647;
			files = (
			);
			runOnlyForDeploymentPostprocessing = 0;
		};
		D2A43EB52AB1FB8E0005457D /* Frameworks */ = {
			isa = PBXFrameworksBuildPhase;
			buildActionMask = 2147483647;
			files = (
			);
			runOnlyForDeploymentPostprocessing = 0;
		};
/* End PBXFrameworksBuildPhase section */

/* Begin PBXGroup section */
		D2A43E8F2AB1FB8B0005457D = {
			isa = PBXGroup;
			children = (
				D2A43E9A2AB1FB8B0005457D /* Kullanici Etkilesimi */,
				D2A43EB12AB1FB8E0005457D /* Kullanici EtkilesimiTests */,
				D2A43EBB2AB1FB8E0005457D /* Kullanici EtkilesimiUITests */,
				D2A43E992AB1FB8B0005457D /* Products */,
			);
			sourceTree = "<group>";
		};
		D2A43E992AB1FB8B0005457D /* Products */ = {
			isa = PBXGroup;
			children = (
				D2A43E982AB1FB8B0005457D /* Kullanici Etkilesimi.app */,
				D2A43EAE2AB1FB8E0005457D /* Kullanici EtkilesimiTests.xctest */,
				D2A43EB82AB1FB8E0005457D /* Kullanici EtkilesimiUITests.xctest */,
			);
			name = Products;
			sourceTree = "<group>";
		};
		D2A43E9A2AB1FB8B0005457D /* Kullanici Etkilesimi */ = {
			isa = PBXGroup;
			children = (
				D2A43E9B2AB1FB8B0005457D /* AppDelegate.swift */,
				D2A43E9D2AB1FB8B0005457D /* SceneDelegate.swift */,
				D2A43E9F2AB1FB8B0005457D /* ViewController.swift */,
				D2A43EA12AB1FB8B0005457D /* Main.storyboard */,
				D2A43EA42AB1FB8E0005457D /* Assets.xcassets */,
				D2A43EA62AB1FB8E0005457D /* LaunchScreen.storyboard */,
				D2A43EA92AB1FB8E0005457D /* Info.plist */,
			);
			path = "Kullanici Etkilesimi";
			sourceTree = "<group>";
		};
		D2A43EB12AB1FB8E0005457D /* Kullanici EtkilesimiTests */ = {
			isa = PBXGroup;
			children = (
				D2A43EB22AB1FB8E0005457D /* Kullanici_EtkilesimiTests.swift */,
			);
			path = "Kullanici EtkilesimiTests";
			sourceTree = "<group>";
		};
		D2A43EBB2AB1FB8E0005457D /* Kullanici EtkilesimiUITests */ = {
			isa = PBXGroup;
			children = (
				D2A43EBC2AB1FB8E0005457D /* Kullanici_EtkilesimiUITests.swift */,
				D2A43EBE2AB1FB8E0005457D /* Kullanici_EtkilesimiUITestsLaunchTests.swift */,
			);
			path = "Kullanici EtkilesimiUITests";
			sourceTree = "<group>";
		};
/* End PBXGroup section */

/* Begin PBXNativeTarget section */
		D2A43E972AB1FB8B0005457D /* Kullanici Etkilesimi */ = {
			isa = PBXNativeTarget;
			buildConfigurationList = D2A43EC22AB1FB8E0005457D /* Build configuration list for PBXNativeTarget "Kullanici Etkilesimi" */;
			buildPhases = (
				D2A43E942AB1FB8B0005457D /* Sources */,
				D2A43E952AB1FB8B0005457D /* Frameworks */,
				D2A43E962AB1FB8B0005457D /* Resources */,
			);
			buildRules = (
			);
			dependencies = (
			);
			name = "Kullanici Etkilesimi";
			productName = "Kullanici Etkilesimi";
			productReference = D2A43E982AB1FB8B0005457D /* Kullanici Etkilesimi.app */;
			productType = "com.apple.product-type.application";
		};
		D2A43EAD2AB1FB8E0005457D /* Kullanici EtkilesimiTests */ = {
			isa = PBXNativeTarget;
			buildConfigurationList = D2A43EC52AB1FB8E0005457D /* Build configuration list for PBXNativeTarget "Kullanici EtkilesimiTests" */;
			buildPhases = (
				D2A43EAA2AB1FB8E0005457D /* Sources */,
				D2A43EAB2AB1FB8E0005457D /* Frameworks */,
				D2A43EAC2AB1FB8E0005457D /* Resources */,
			);
			buildRules = (
			);
			dependencies = (
				D2A43EB02AB1FB8E0005457D /* PBXTargetDependency */,
			);
			name = "Kullanici EtkilesimiTests";
			productName = "Kullanici EtkilesimiTests";
			productReference = D2A43EAE2AB1FB8E0005457D /* Kullanici EtkilesimiTests.xctest */;
			productType = "com.apple.product-type.bundle.unit-test";
		};
		D2A43EB72AB1FB8E0005457D /* Kullanici EtkilesimiUITests */ = {
			isa = PBXNativeTarget;
			buildConfigurationList = D2A43EC82AB1FB8E0005457D /* Build configuration list for PBXNativeTarget "Kullanici EtkilesimiUITests" */;
			buildPhases = (
				D2A43EB42AB1FB8E0005457D /* Sources */,
				D2A43EB52AB1FB8E0005457D /* Frameworks */,
				D2A43EB62AB1FB8E0005457D /* Resources */,
			);
			buildRules = (
			);
			dependencies = (
				D2A43EBA2AB1FB8E0005457D /* PBXTargetDependency */,
			);
			name = "Kullanici EtkilesimiUITests";
			productName = "Kullanici EtkilesimiUITests";
			productReference = D2A43EB82AB1FB8E0005457D /* Kullanici EtkilesimiUITests.xctest */;
			productType = "com.apple.product-type.bundle.ui-testing";
		};
/* End PBXNativeTarget section */

/* Begin PBXProject section */
		D2A43E902AB1FB8B0005457D /* Project object */ = {
			isa = PBXProject;
			attributes = {
				BuildIndependentTargetsInParallel = 1;
				LastSwiftUpdateCheck = 1430;
				LastUpgradeCheck = 1430;
				TargetAttributes = {
					D2A43E972AB1FB8B0005457D = {
						CreatedOnToolsVersion = 14.3.1;
					};
					D2A43EAD2AB1FB8E0005457D = {
						CreatedOnToolsVersion = 14.3.1;
						TestTargetID = D2A43E972AB1FB8B0005457D;
					};
					D2A43EB72AB1FB8E0005457D = {
						CreatedOnToolsVersion = 14.3.1;
						TestTargetID = D2A43E972AB1FB8B0005457D;
					};
				};
			};
			buildConfigurationList = D2A43E932AB1FB8B0005457D /* Build configuration list for PBXProject "Kullanici Etkilesimi" */;
			compatibilityVersion = "Xcode 14.0";
			developmentRegion = en;
			hasScannedForEncodings = 0;
			knownRegions = (
				en,
				Base,
			);
			mainGroup = D2A43E8F2AB1FB8B0005457D;
			productRefGroup = D2A43E992AB1FB8B0005457D /* Products */;
			projectDirPath = "";
			projectRoot = "";
			targets = (
				D2A43E972AB1FB8B0005457D /* Kullanici Etkilesimi */,
				D2A43EAD2AB1FB8E0005457D /* Kullanici EtkilesimiTests */,
				D2A43EB72AB1FB8E0005457D /* Kullanici EtkilesimiUITests */,
			);
		};
/* End PBXProject section */

/* Begin PBXResourcesBuildPhase section */
		D2A43E962AB1FB8B0005457D /* Resources */ = {
			isa = PBXResourcesBuildPhase;
			buildActionMask = 2147483647;
			files = (
				D2A43EA82AB1FB8E0005457D /* LaunchScreen.storyboard in Resources */,
				D2A43EA52AB1FB8E0005457D /* Assets.xcassets in Resources */,
				D2A43EA32AB1FB8B0005457D /* Main.storyboard in Resources */,
			);
			runOnlyForDeploymentPostprocessing = 0;
		};
		D2A43EAC2AB1FB8E0005457D /* Resources */ = {
			isa = PBXResourcesBuildPhase;
			buildActionMask = 2147483647;
			files = (
			);
			runOnlyForDeploymentPostprocessing = 0;
		};
		D2A43EB62AB1FB8E0005457D /* Resources */ = {
			isa = PBXResourcesBuildPhase;
			buildActionMask = 2147483647;
			files = (
			);
			runOnlyForDeploymentPostprocessing = 0;
		};
/* End PBXResourcesBuildPhase section */

/* Begin PBXSourcesBuildPhase section */
		D2A43E942AB1FB8B0005457D /* Sources */ = {
			isa = PBXSourcesBuildPhase;
			buildActionMask = 2147483647;
			files = (
				D2A43EA02AB1FB8B0005457D /* ViewController.swift in Sources */,
				D2A43E9C2AB1FB8B0005457D /* AppDelegate.swift in Sources */,
				D2A43E9E2AB1FB8B0005457D /* SceneDelegate.swift in Sources */,
			);
			runOnlyForDeploymentPostprocessing = 0;
		};
		D2A43EAA2AB1FB8E0005457D /* Sources */ = {
			isa = PBXSourcesBuildPhase;
			buildActionMask = 2147483647;
			files = (
				D2A43EB32AB1FB8E0005457D /* Kullanici_EtkilesimiTests.swift in Sources */,
			);
			runOnlyForDeploymentPostprocessing = 0;
		};
		D2A43EB42AB1FB8E0005457D /* Sources */ = {
			isa = PBXSourcesBuildPhase;
			buildActionMask = 2147483647;
			files = (
				D2A43EBD2AB1FB8E0005457D /* Kullanici_EtkilesimiUITests.swift in Sources */,
				D2A43EBF2AB1FB8E0005457D /* Kullanici_EtkilesimiUITestsLaunchTests.swift in Sources */,
			);
			runOnlyForDeploymentPostprocessing = 0;
		};
/* End PBXSourcesBuildPhase section */

/* Begin PBXTargetDependency section */
		D2A43EB02AB1FB8E0005457D /* PBXTargetDependency */ = {
			isa = PBXTargetDependency;
			target = D2A43E972AB1FB8B0005457D /* Kullanici Etkilesimi */;
			targetProxy = D2A43EAF2AB1FB8E0005457D /* PBXContainerItemProxy */;
		};
		D2A43EBA2AB1FB8E0005457D /* PBXTargetDependency */ = {
			isa = PBXTargetDependency;
			target = D2A43E972AB1FB8B0005457D /* Kullanici Etkilesimi */;
			targetProxy = D2A43EB92AB1FB8E0005457D /* PBXContainerItemProxy */;
		};
/* End PBXTargetDependency section */

/* Begin PBXVariantGroup section */
		D2A43EA12AB1FB8B0005457D /* Main.storyboard */ = {
			isa = PBXVariantGroup;
			children = (
				D2A43EA22AB1FB8B0005457D /* Base */,
			);
			name = Main.storyboard;
			sourceTree = "<group>";
		};
		D2A43EA62AB1FB8E0005457D /* LaunchScreen.storyboard */ = {
			isa = PBXVariantGroup;
			children = (
				D2A43EA72AB1FB8E0005457D /* Base */,
			);
			name = LaunchScreen.storyboard;
			sourceTree = "<group>";
		};
/* End PBXVariantGroup section */

/* Begin XCBuildConfiguration section */
		D2A43EC02AB1FB8E0005457D /* Debug */ = {
			isa = XCBuildConfiguration;
			buildSettings = {
				ALWAYS_SEARCH_USER_PATHS = NO;
				CLANG_ANALYZER_NONNULL = YES;
				CLANG_ANALYZER_NUMBER_OBJECT_CONVERSION = YES_AGGRESSIVE;
				CLANG_CXX_LANGUAGE_STANDARD = "gnu++20";
				CLANG_ENABLE_MODULES = YES;
				CLANG_ENABLE_OBJC_ARC = YES;
				CLANG_ENABLE_OBJC_WEAK = YES;
				CLANG_WARN_BLOCK_CAPTURE_AUTORELEASING = YES;
				CLANG_WARN_BOOL_CONVERSION = YES;
				CLANG_WARN_COMMA = YES;
				CLANG_WARN_CONSTANT_CONVERSION = YES;
				CLANG_WARN_DEPRECATED_OBJC_IMPLEMENTATIONS = YES;
				CLANG_WARN_DIRECT_OBJC_ISA_USAGE = YES_ERROR;
				CLANG_WARN_DOCUMENTATION_COMMENTS = YES;
				CLANG_WARN_EMPTY_BODY = YES;
				CLANG_WARN_ENUM_CONVERSION = YES;
				CLANG_WARN_INFINITE_RECURSION = YES;
				CLANG_WARN_INT_CONVERSION = YES;
				CLANG_WARN_NON_LITERAL_NULL_CONVERSION = YES;
				CLANG_WARN_OBJC_IMPLICIT_RETAIN_SELF = YES;
				CLANG_WARN_OBJC_LITERAL_CONVERSION = YES;
				CLANG_WARN_OBJC_ROOT_CLASS = YES_ERROR;
				CLANG_WARN_QUOTED_INCLUDE_IN_FRAMEWORK_HEADER = YES;
				CLANG_WARN_RANGE_LOOP_ANALYSIS = YES;
				CLANG_WARN_STRICT_PROTOTYPES = YES;
				CLANG_WARN_SUSPICIOUS_MOVE = YES;
				CLANG_WARN_UNGUARDED_AVAILABILITY = YES_AGGRESSIVE;
				CLANG_WARN_UNREACHABLE_CODE = YES;
				CLANG_WARN__DUPLICATE_METHOD_MATCH = YES;
				COPY_PHASE_STRIP = NO;
				DEBUG_INFORMATION_FORMAT = dwarf;
				ENABLE_STRICT_OBJC_MSGSEND = YES;
				ENABLE_TESTABILITY = YES;
				GCC_C_LANGUAGE_STANDARD = gnu11;
				GCC_DYNAMIC_NO_PIC = NO;
				GCC_NO_COMMON_BLOCKS = YES;
				GCC_OPTIMIZATION_LEVEL = 0;
				GCC_PREPROCESSOR_DEFINITIONS = (
					"DEBUG=1",
					"$(inherited)",
				);
				GCC_WARN_64_TO_32_BIT_CONVERSION = YES;
				GCC_WARN_ABOUT_RETURN_TYPE = YES_ERROR;
				GCC_WARN_UNDECLARED_SELECTOR = YES;
				GCC_WARN_UNINITIALIZED_AUTOS = YES_AGGRESSIVE;
				GCC_WARN_UNUSED_FUNCTION = YES;
				GCC_WARN_UNUSED_VARIABLE = YES;
				IPHONEOS_DEPLOYMENT_TARGET = 16.4;
				MTL_ENABLE_DEBUG_INFO = INCLUDE_SOURCE;
				MTL_FAST_MATH = YES;
				ONLY_ACTIVE_ARCH = YES;
				SDKROOT = iphoneos;
				SWIFT_ACTIVE_COMPILATION_CONDITIONS = DEBUG;
				SWIFT_OPTIMIZATION_LEVEL = "-Onone";
			};
			name = Debug;
		};
		D2A43EC12AB1FB8E0005457D /* Release */ = {
			isa = XCBuildConfiguration;
			buildSettings = {
				ALWAYS_SEARCH_USER_PATHS = NO;
				CLANG_ANALYZER_NONNULL = YES;
				CLANG_ANALYZER_NUMBER_OBJECT_CONVERSION = YES_AGGRESSIVE;
				CLANG_CXX_LANGUAGE_STANDARD = "gnu++20";
				CLANG_ENABLE_MODULES = YES;
				CLANG_ENABLE_OBJC_ARC = YES;
				CLANG_ENABLE_OBJC_WEAK = YES;
				CLANG_WARN_BLOCK_CAPTURE_AUTORELEASING = YES;
				CLANG_WARN_BOOL_CONVERSION = YES;
				CLANG_WARN_COMMA = YES;
				CLANG_WARN_CONSTANT_CONVERSION = YES;
				CLANG_WARN_DEPRECATED_OBJC_IMPLEMENTATIONS = YES;
				CLANG_WARN_DIRECT_OBJC_ISA_USAGE = YES_ERROR;
				CLANG_WARN_DOCUMENTATION_COMMENTS = YES;
				CLANG_WARN_EMPTY_BODY = YES;
				CLANG_WARN_ENUM_CONVERSION = YES;
				CLANG_WARN_INFINITE_RECURSION = YES;
				CLANG_WARN_INT_CONVERSION = YES;
				CLANG_WARN_NON_LITERAL_NULL_CONVERSION = YES;
				CLANG_WARN_OBJC_IMPLICIT_RETAIN_SELF = YES;
				CLANG_WARN_OBJC_LITERAL_CONVERSION = YES;
				CLANG_WARN_OBJC_ROOT_CLASS = YES_ERROR;
				CLANG_WARN_QUOTED_INCLUDE_IN_FRAMEWORK_HEADER = YES;
				CLANG_WARN_RANGE_LOOP_ANALYSIS = YES;
				CLANG_WARN_STRICT_PROTOTYPES = YES;
				CLANG_WARN_SUSPICIOUS_MOVE = YES;
				CLANG_WARN_UNGUARDED_AVAILABILITY = YES_AGGRESSIVE;
				CLANG_WARN_UNREACHABLE_CODE = YES;
				CLANG_WARN__DUPLICATE_METHOD_MATCH = YES;
				COPY_PHASE_STRIP = NO;
				DEBUG_INFORMATION_FORMAT = "dwarf-with-dsym";
				ENABLE_NS_ASSERTIONS = NO;
				ENABLE_STRICT_OBJC_MSGSEND = YES;
				GCC_C_LANGUAGE_STANDARD = gnu11;
				GCC_NO_COMMON_BLOCKS = YES;
				GCC_WARN_64_TO_32_BIT_CONVERSION = YES;
				GCC_WARN_ABOUT_RETURN_TYPE = YES_ERROR;
				GCC_WARN_UNDECLARED_SELECTOR = YES;
				GCC_WARN_UNINITIALIZED_AUTOS = YES_AGGRESSIVE;
				GCC_WARN_UNUSED_FUNCTION = YES;
				GCC_WARN_UNUSED_VARIABLE = YES;
				IPHONEOS_DEPLOYMENT_TARGET = 16.4;
				MTL_ENABLE_DEBUG_INFO = NO;
				MTL_FAST_MATH = YES;
				SDKROOT = iphoneos;
				SWIFT_COMPILATION_MODE = wholemodule;
				SWIFT_OPTIMIZATION_LEVEL = "-O";
				VALIDATE_PRODUCT = YES;
			};
			name = Release;
		};
		D2A43EC32AB1FB8E0005457D /* Debug */ = {
			isa = XCBuildConfiguration;
			buildSettings = {
				ASSETCATALOG_COMPILER_APPICON_NAME = AppIcon;
				ASSETCATALOG_COMPILER_GLOBAL_ACCENT_COLOR_NAME = AccentColor;
				CODE_SIGN_STYLE = Automatic;
				CURRENT_PROJECT_VERSION = 1;
				DEVELOPMENT_TEAM = JV7N3RT6H2;
				GENERATE_INFOPLIST_FILE = YES;
				INFOPLIST_FILE = "Kullanici Etkilesimi/Info.plist";
				INFOPLIST_KEY_UIApplicationSupportsIndirectInputEvents = YES;
				INFOPLIST_KEY_UILaunchStoryboardName = LaunchScreen;
				INFOPLIST_KEY_UIMainStoryboardFile = Main;
				INFOPLIST_KEY_UISupportedInterfaceOrientations_iPad = "UIInterfaceOrientationPortrait UIInterfaceOrientationPortraitUpsideDown UIInterfaceOrientationLandscapeLeft UIInterfaceOrientationLandscapeRight";
				INFOPLIST_KEY_UISupportedInterfaceOrientations_iPhone = "UIInterfaceOrientationPortrait UIInterfaceOrientationLandscapeLeft UIInterfaceOrientationLandscapeRight";
				LD_RUNPATH_SEARCH_PATHS = (
					"$(inherited)",
					"@executable_path/Frameworks",
				);
				MARKETING_VERSION = 1.0;
				PRODUCT_BUNDLE_IDENTIFIER = "com.enginbolat.gtn.Kullanici-Etkilesimi";
				PRODUCT_NAME = "$(TARGET_NAME)";
				SWIFT_EMIT_LOC_STRINGS = YES;
				SWIFT_VERSION = 5.0;
				TARGETED_DEVICE_FAMILY = "1,2";
			};
			name = Debug;
		};
		D2A43EC42AB1FB8E0005457D /* Release */ = {
			isa = XCBuildConfiguration;
			buildSettings = {
				ASSETCATALOG_COMPILER_APPICON_NAME = AppIcon;
				ASSETCATALOG_COMPILER_GLOBAL_ACCENT_COLOR_NAME = AccentColor;
				CODE_SIGN_STYLE = Automatic;
				CURRENT_PROJECT_VERSION = 1;
				DEVELOPMENT_TEAM = JV7N3RT6H2;
				GENERATE_INFOPLIST_FILE = YES;
				INFOPLIST_FILE = "Kullanici Etkilesimi/Info.plist";
				INFOPLIST_KEY_UIApplicationSupportsIndirectInputEvents = YES;
				INFOPLIST_KEY_UILaunchStoryboardName = LaunchScreen;
				INFOPLIST_KEY_UIMainStoryboardFile = Main;
				INFOPLIST_KEY_UISupportedInterfaceOrientations_iPad = "UIInterfaceOrientationPortrait UIInterfaceOrientationPortraitUpsideDown UIInterfaceOrientationLandscapeLeft UIInterfaceOrientationLandscapeRight";
				INFOPLIST_KEY_UISupportedInterfaceOrientations_iPhone = "UIInterfaceOrientationPortrait UIInterfaceOrientationLandscapeLeft UIInterfaceOrientationLandscapeRight";
				LD_RUNPATH_SEARCH_PATHS = (
					"$(inherited)",
					"@executable_path/Frameworks",
				);
				MARKETING_VERSION = 1.0;
				PRODUCT_BUNDLE_IDENTIFIER = "com.enginbolat.gtn.Kullanici-Etkilesimi";
				PRODUCT_NAME = "$(TARGET_NAME)";
				SWIFT_EMIT_LOC_STRINGS = YES;
				SWIFT_VERSION = 5.0;
				TARGETED_DEVICE_FAMILY = "1,2";
			};
			name = Release;
		};
		D2A43EC62AB1FB8E0005457D /* Debug */ = {
			isa = XCBuildConfiguration;
			buildSettings = {
				ALWAYS_EMBED_SWIFT_STANDARD_LIBRARIES = YES;
				BUNDLE_LOADER = "$(TEST_HOST)";
				CODE_SIGN_STYLE = Automatic;
				CURRENT_PROJECT_VERSION = 1;
				DEVELOPMENT_TEAM = JV7N3RT6H2;
				GENERATE_INFOPLIST_FILE = YES;
				IPHONEOS_DEPLOYMENT_TARGET = 16.4;
				MARKETING_VERSION = 1.0;
				PRODUCT_BUNDLE_IDENTIFIER = "com.enginbolat.gtn.Kullanici-EtkilesimiTests";
				PRODUCT_NAME = "$(TARGET_NAME)";
				SWIFT_EMIT_LOC_STRINGS = NO;
				SWIFT_VERSION = 5.0;
				TARGETED_DEVICE_FAMILY = "1,2";
				TEST_HOST = "$(BUILT_PRODUCTS_DIR)/Kullanici Etkilesimi.app/$(BUNDLE_EXECUTABLE_FOLDER_PATH)/Kullanici Etkilesimi";
			};
			name = Debug;
		};
		D2A43EC72AB1FB8E0005457D /* Release */ = {
			isa = XCBuildConfiguration;
			buildSettings = {
				ALWAYS_EMBED_SWIFT_STANDARD_LIBRARIES = YES;
				BUNDLE_LOADER = "$(TEST_HOST)";
				CODE_SIGN_STYLE = Automatic;
				CURRENT_PROJECT_VERSION = 1;
				DEVELOPMENT_TEAM = JV7N3RT6H2;
				GENERATE_INFOPLIST_FILE = YES;
				IPHONEOS_DEPLOYMENT_TARGET = 16.4;
				MARKETING_VERSION = 1.0;
				PRODUCT_BUNDLE_IDENTIFIER = "com.enginbolat.gtn.Kullanici-EtkilesimiTests";
				PRODUCT_NAME = "$(TARGET_NAME)";
				SWIFT_EMIT_LOC_STRINGS = NO;
				SWIFT_VERSION = 5.0;
				TARGETED_DEVICE_FAMILY = "1,2";
				TEST_HOST = "$(BUILT_PRODUCTS_DIR)/Kullanici Etkilesimi.app/$(BUNDLE_EXECUTABLE_FOLDER_PATH)/Kullanici Etkilesimi";
			};
			name = Release;
		};
		D2A43EC92AB1FB8E0005457D /* Debug */ = {
			isa = XCBuildConfiguration;
			buildSettings = {
				ALWAYS_EMBED_SWIFT_STANDARD_LIBRARIES = YES;
				CODE_SIGN_STYLE = Automatic;
				CURRENT_PROJECT_VERSION = 1;
				DEVELOPMENT_TEAM = JV7N3RT6H2;
				GENERATE_INFOPLIST_FILE = YES;
				MARKETING_VERSION = 1.0;
				PRODUCT_BUNDLE_IDENTIFIER = "com.enginbolat.gtn.Kullanici-EtkilesimiUITests";
				PRODUCT_NAME = "$(TARGET_NAME)";
				SWIFT_EMIT_LOC_STRINGS = NO;
				SWIFT_VERSION = 5.0;
				TARGETED_DEVICE_FAMILY = "1,2";
				TEST_TARGET_NAME = "Kullanici Etkilesimi";
			};
			name = Debug;
		};
		D2A43ECA2AB1FB8E0005457D /* Release */ = {
			isa = XCBuildConfiguration;
			buildSettings = {
				ALWAYS_EMBED_SWIFT_STANDARD_LIBRARIES = YES;
				CODE_SIGN_STYLE = Automatic;
				CURRENT_PROJECT_VERSION = 1;
				DEVELOPMENT_TEAM = JV7N3RT6H2;
				GENERATE_INFOPLIST_FILE = YES;
				MARKETING_VERSION = 1.0;
				PRODUCT_BUNDLE_IDENTIFIER = "com.enginbolat.gtn.Kullanici-EtkilesimiUITests";
				PRODUCT_NAME = "$(TARGET_NAME)";
				SWIFT_EMIT_LOC_STRINGS = NO;
				SWIFT_VERSION = 5.0;
				TARGETED_DEVICE_FAMILY = "1,2";
				TEST_TARGET_NAME = "Kullanici Etkilesimi";
			};
			name = Release;
		};
/* End XCBuildConfiguration section */

/* Begin XCConfigurationList section */
		D2A43E932AB1FB8B0005457D /* Build configuration list for PBXProject "Kullanici Etkilesimi" */ = {
			isa = XCConfigurationList;
			buildConfigurations = (
				D2A43EC02AB1FB8E0005457D /* Debug */,
				D2A43EC12AB1FB8E0005457D /* Release */,
			);
			defaultConfigurationIsVisible = 0;
			defaultConfigurationName = Release;
		};
		D2A43EC22AB1FB8E0005457D /* Build configuration list for PBXNativeTarget "Kullanici Etkilesimi" */ = {
			isa = XCConfigurationList;
			buildConfigurations = (
				D2A43EC32AB1FB8E0005457D /* Debug */,
				D2A43EC42AB1FB8E0005457D /* Release */,
			);
			defaultConfigurationIsVisible = 0;
			defaultConfigurationName = Release;
		};
		D2A43EC52AB1FB8E0005457D /* Build configuration list for PBXNativeTarget "Kullanici EtkilesimiTests" */ = {
			isa = XCConfigurationList;
			buildConfigurations = (
				D2A43EC62AB1FB8E0005457D /* Debug */,
				D2A43EC72AB1FB8E0005457D /* Release */,
			);
			defaultConfigurationIsVisible = 0;
			defaultConfigurationName = Release;
		};
		D2A43EC82AB1FB8E0005457D /* Build configuration list for PBXNativeTarget "Kullanici EtkilesimiUITests" */ = {
			isa = XCConfigurationList;
			buildConfigurations = (
				D2A43EC92AB1FB8E0005457D /* Debug */,
				D2A43ECA2AB1FB8E0005457D /* Release */,
			);
			defaultConfigurationIsVisible = 0;
			defaultConfigurationName = Release;
		};
/* End XCConfigurationList section */
	};
	rootObject = D2A43E902AB1FB8B0005457D /* Project object */;
}
