// !$*UTF8*$!
{
	archiveVersion = 1;
	classes = {
	};
	objectVersion = 56;
	objects = {

/* Begin PBXBuildFile section */
		D233A15E2979751B00004B5E /* ViewController2.swift in Sources */ = {isa = PBXBuildFile; fileRef = D233A15D2979751B00004B5E /* ViewController2.swift */; };
		D233A1602979753200004B5E /* ViewController3.swift in Sources */ = {isa = PBXBuildFile; fileRef = D233A15F2979753200004B5E /* ViewController3.swift */; };
		D251EE5929796F25001EA644 /* AppDelegate.swift in Sources */ = {isa = PBXBuildFile; fileRef = D251EE5829796F25001EA644 /* AppDelegate.swift */; };
		D251EE5B29796F25001EA644 /* SceneDelegate.swift in Sources */ = {isa = PBXBuildFile; fileRef = D251EE5A29796F25001EA644 /* SceneDelegate.swift */; };
		D251EE5D29796F25001EA644 /* ViewController.swift in Sources */ = {isa = PBXBuildFile; fileRef = D251EE5C29796F25001EA644 /* ViewController.swift */; };
		D251EE6029796F25001EA644 /* Main.storyboard in Resources */ = {isa = PBXBuildFile; fileRef = D251EE5E29796F25001EA644 /* Main.storyboard */; };
		D251EE6229796F28001EA644 /* Assets.xcassets in Resources */ = {isa = PBXBuildFile; fileRef = D251EE6129796F28001EA644 /* Assets.xcassets */; };
		D251EE6529796F28001EA644 /* LaunchScreen.storyboard in Resources */ = {isa = PBXBuildFile; fileRef = D251EE6329796F28001EA644 /* LaunchScreen.storyboard */; };
		D251EE7029796F28001EA644 /* presentmodallyTests.swift in Sources */ = {isa = PBXBuildFile; fileRef = D251EE6F29796F28001EA644 /* presentmodallyTests.swift */; };
		D251EE7A29796F28001EA644 /* presentmodallyUITests.swift in Sources */ = {isa = PBXBuildFile; fileRef = D251EE7929796F28001EA644 /* presentmodallyUITests.swift */; };
		D251EE7C29796F28001EA644 /* presentmodallyUITestsLaunchTests.swift in Sources */ = {isa = PBXBuildFile; fileRef = D251EE7B29796F28001EA644 /* presentmodallyUITestsLaunchTests.swift */; };
/* End PBXBuildFile section */

/* Begin PBXContainerItemProxy section */
		D251EE6C29796F28001EA644 /* PBXContainerItemProxy */ = {
			isa = PBXContainerItemProxy;
			containerPortal = D251EE4D29796F25001EA644 /* Project object */;
			proxyType = 1;
			remoteGlobalIDString = D251EE5429796F25001EA644;
			remoteInfo = presentmodally;
		};
		D251EE7629796F28001EA644 /* PBXContainerItemProxy */ = {
			isa = PBXContainerItemProxy;
			containerPortal = D251EE4D29796F25001EA644 /* Project object */;
			proxyType = 1;
			remoteGlobalIDString = D251EE5429796F25001EA644;
			remoteInfo = presentmodally;
		};
/* End PBXContainerItemProxy section */

/* Begin PBXFileReference section */
		D233A15D2979751B00004B5E /* ViewController2.swift */ = {isa = PBXFileReference; lastKnownFileType = sourcecode.swift; path = ViewController2.swift; sourceTree = "<group>"; };
		D233A15F2979753200004B5E /* ViewController3.swift */ = {isa = PBXFileReference; lastKnownFileType = sourcecode.swift; path = ViewController3.swift; sourceTree = "<group>"; };
		D251EE5529796F25001EA644 /* presentmodally.app */ = {isa = PBXFileReference; explicitFileType = wrapper.application; includeInIndex = 0; path = presentmodally.app; sourceTree = BUILT_PRODUCTS_DIR; };
		D251EE5829796F25001EA644 /* AppDelegate.swift */ = {isa = PBXFileReference; lastKnownFileType = sourcecode.swift; path = AppDelegate.swift; sourceTree = "<group>"; };
		D251EE5A29796F25001EA644 /* SceneDelegate.swift */ = {isa = PBXFileReference; lastKnownFileType = sourcecode.swift; path = SceneDelegate.swift; sourceTree = "<group>"; };
		D251EE5C29796F25001EA644 /* ViewController.swift */ = {isa = PBXFileReference; lastKnownFileType = sourcecode.swift; path = ViewController.swift; sourceTree = "<group>"; };
		D251EE5F29796F25001EA644 /* Base */ = {isa = PBXFileReference; lastKnownFileType = file.storyboard; name = Base; path = Base.lproj/Main.storyboard; sourceTree = "<group>"; };
		D251EE6129796F28001EA644 /* Assets.xcassets */ = {isa = PBXFileReference; lastKnownFileType = folder.assetcatalog; path = Assets.xcassets; sourceTree = "<group>"; };
		D251EE6429796F28001EA644 /* Base */ = {isa = PBXFileReference; lastKnownFileType = file.storyboard; name = Base; path = Base.lproj/LaunchScreen.storyboard; sourceTree = "<group>"; };
		D251EE6629796F28001EA644 /* Info.plist */ = {isa = PBXFileReference; lastKnownFileType = text.plist.xml; path = Info.plist; sourceTree = "<group>"; };
		D251EE6B29796F28001EA644 /* presentmodallyTests.xctest */ = {isa = PBXFileReference; explicitFileType = wrapper.cfbundle; includeInIndex = 0; path = presentmodallyTests.xctest; sourceTree = BUILT_PRODUCTS_DIR; };
		D251EE6F29796F28001EA644 /* presentmodallyTests.swift */ = {isa = PBXFileReference; lastKnownFileType = sourcecode.swift; path = presentmodallyTests.swift; sourceTree = "<group>"; };
		D251EE7529796F28001EA644 /* presentmodallyUITests.xctest */ = {isa = PBXFileReference; explicitFileType = wrapper.cfbundle; includeInIndex = 0; path = presentmodallyUITests.xctest; sourceTree = BUILT_PRODUCTS_DIR; };
		D251EE7929796F28001EA644 /* presentmodallyUITests.swift */ = {isa = PBXFileReference; lastKnownFileType = sourcecode.swift; path = presentmodallyUITests.swift; sourceTree = "<group>"; };
		D251EE7B29796F28001EA644 /* presentmodallyUITestsLaunchTests.swift */ = {isa = PBXFileReference; lastKnownFileType = sourcecode.swift; path = presentmodallyUITestsLaunchTests.swift; sourceTree = "<group>"; };
/* End PBXFileReference section */

/* Begin PBXFrameworksBuildPhase section */
		D251EE5229796F25001EA644 /* Frameworks */ = {
			isa = PBXFrameworksBuildPhase;
			buildActionMask = 2147483647;
			files = (
			);
			runOnlyForDeploymentPostprocessing = 0;
		};
		D251EE6829796F28001EA644 /* Frameworks */ = {
			isa = PBXFrameworksBuildPhase;
			buildActionMask = 2147483647;
			files = (
			);
			runOnlyForDeploymentPostprocessing = 0;
		};
		D251EE7229796F28001EA644 /* Frameworks */ = {
			isa = PBXFrameworksBuildPhase;
			buildActionMask = 2147483647;
			files = (
			);
			runOnlyForDeploymentPostprocessing = 0;
		};
/* End PBXFrameworksBuildPhase section */

/* Begin PBXGroup section */
		D251EE4C29796F25001EA644 = {
			isa = PBXGroup;
			children = (
				D251EE5729796F25001EA644 /* presentmodally */,
				D251EE6E29796F28001EA644 /* presentmodallyTests */,
				D251EE7829796F28001EA644 /* presentmodallyUITests */,
				D251EE5629796F25001EA644 /* Products */,
			);
			sourceTree = "<group>";
		};
		D251EE5629796F25001EA644 /* Products */ = {
			isa = PBXGroup;
			children = (
				D251EE5529796F25001EA644 /* presentmodally.app */,
				D251EE6B29796F28001EA644 /* presentmodallyTests.xctest */,
				D251EE7529796F28001EA644 /* presentmodallyUITests.xctest */,
			);
			name = Products;
			sourceTree = "<group>";
		};
		D251EE5729796F25001EA644 /* presentmodally */ = {
			isa = PBXGroup;
			children = (
				D251EE5829796F25001EA644 /* AppDelegate.swift */,
				D251EE5A29796F25001EA644 /* SceneDelegate.swift */,
				D251EE5C29796F25001EA644 /* ViewController.swift */,
				D251EE5E29796F25001EA644 /* Main.storyboard */,
				D233A15D2979751B00004B5E /* ViewController2.swift */,
				D251EE6129796F28001EA644 /* Assets.xcassets */,
				D251EE6329796F28001EA644 /* LaunchScreen.storyboard */,
				D251EE6629796F28001EA644 /* Info.plist */,
				D233A15F2979753200004B5E /* ViewController3.swift */,
			);
			path = presentmodally;
			sourceTree = "<group>";
		};
		D251EE6E29796F28001EA644 /* presentmodallyTests */ = {
			isa = PBXGroup;
			children = (
				D251EE6F29796F28001EA644 /* presentmodallyTests.swift */,
			);
			path = presentmodallyTests;
			sourceTree = "<group>";
		};
		D251EE7829796F28001EA644 /* presentmodallyUITests */ = {
			isa = PBXGroup;
			children = (
				D251EE7929796F28001EA644 /* presentmodallyUITests.swift */,
				D251EE7B29796F28001EA644 /* presentmodallyUITestsLaunchTests.swift */,
			);
			path = presentmodallyUITests;
			sourceTree = "<group>";
		};
/* End PBXGroup section */

/* Begin PBXNativeTarget section */
		D251EE5429796F25001EA644 /* presentmodally */ = {
			isa = PBXNativeTarget;
			buildConfigurationList = D251EE7F29796F28001EA644 /* Build configuration list for PBXNativeTarget "presentmodally" */;
			buildPhases = (
				D251EE5129796F25001EA644 /* Sources */,
				D251EE5229796F25001EA644 /* Frameworks */,
				D251EE5329796F25001EA644 /* Resources */,
			);
			buildRules = (
			);
			dependencies = (
			);
			name = presentmodally;
			productName = presentmodally;
			productReference = D251EE5529796F25001EA644 /* presentmodally.app */;
			productType = "com.apple.product-type.application";
		};
		D251EE6A29796F28001EA644 /* presentmodallyTests */ = {
			isa = PBXNativeTarget;
			buildConfigurationList = D251EE8229796F28001EA644 /* Build configuration list for PBXNativeTarget "presentmodallyTests" */;
			buildPhases = (
				D251EE6729796F28001EA644 /* Sources */,
				D251EE6829796F28001EA644 /* Frameworks */,
				D251EE6929796F28001EA644 /* Resources */,
			);
			buildRules = (
			);
			dependencies = (
				D251EE6D29796F28001EA644 /* PBXTargetDependency */,
			);
			name = presentmodallyTests;
			productName = presentmodallyTests;
			productReference = D251EE6B29796F28001EA644 /* presentmodallyTests.xctest */;
			productType = "com.apple.product-type.bundle.unit-test";
		};
		D251EE7429796F28001EA644 /* presentmodallyUITests */ = {
			isa = PBXNativeTarget;
			buildConfigurationList = D251EE8529796F28001EA644 /* Build configuration list for PBXNativeTarget "presentmodallyUITests" */;
			buildPhases = (
				D251EE7129796F28001EA644 /* Sources */,
				D251EE7229796F28001EA644 /* Frameworks */,
				D251EE7329796F28001EA644 /* Resources */,
			);
			buildRules = (
			);
			dependencies = (
				D251EE7729796F28001EA644 /* PBXTargetDependency */,
			);
			name = presentmodallyUITests;
			productName = presentmodallyUITests;
			productReference = D251EE7529796F28001EA644 /* presentmodallyUITests.xctest */;
			productType = "com.apple.product-type.bundle.ui-testing";
		};
/* End PBXNativeTarget section */

/* Begin PBXProject section */
		D251EE4D29796F25001EA644 /* Project object */ = {
			isa = PBXProject;
			attributes = {
				BuildIndependentTargetsInParallel = 1;
				LastSwiftUpdateCheck = 1410;
				LastUpgradeCheck = 1410;
				TargetAttributes = {
					D251EE5429796F25001EA644 = {
						CreatedOnToolsVersion = 14.1;
					};
					D251EE6A29796F28001EA644 = {
						CreatedOnToolsVersion = 14.1;
						TestTargetID = D251EE5429796F25001EA644;
					};
					D251EE7429796F28001EA644 = {
						CreatedOnToolsVersion = 14.1;
						TestTargetID = D251EE5429796F25001EA644;
					};
				};
			};
			buildConfigurationList = D251EE5029796F25001EA644 /* Build configuration list for PBXProject "presentmodally" */;
			compatibilityVersion = "Xcode 14.0";
			developmentRegion = en;
			hasScannedForEncodings = 0;
			knownRegions = (
				en,
				Base,
			);
			mainGroup = D251EE4C29796F25001EA644;
			productRefGroup = D251EE5629796F25001EA644 /* Products */;
			projectDirPath = "";
			projectRoot = "";
			targets = (
				D251EE5429796F25001EA644 /* presentmodally */,
				D251EE6A29796F28001EA644 /* presentmodallyTests */,
				D251EE7429796F28001EA644 /* presentmodallyUITests */,
			);
		};
/* End PBXProject section */

/* Begin PBXResourcesBuildPhase section */
		D251EE5329796F25001EA644 /* Resources */ = {
			isa = PBXResourcesBuildPhase;
			buildActionMask = 2147483647;
			files = (
				D251EE6529796F28001EA644 /* LaunchScreen.storyboard in Resources */,
				D251EE6229796F28001EA644 /* Assets.xcassets in Resources */,
				D251EE6029796F25001EA644 /* Main.storyboard in Resources */,
			);
			runOnlyForDeploymentPostprocessing = 0;
		};
		D251EE6929796F28001EA644 /* Resources */ = {
			isa = PBXResourcesBuildPhase;
			buildActionMask = 2147483647;
			files = (
			);
			runOnlyForDeploymentPostprocessing = 0;
		};
		D251EE7329796F28001EA644 /* Resources */ = {
			isa = PBXResourcesBuildPhase;
			buildActionMask = 2147483647;
			files = (
			);
			runOnlyForDeploymentPostprocessing = 0;
		};
/* End PBXResourcesBuildPhase section */

/* Begin PBXSourcesBuildPhase section */
		D251EE5129796F25001EA644 /* Sources */ = {
			isa = PBXSourcesBuildPhase;
			buildActionMask = 2147483647;
			files = (
				D233A1602979753200004B5E /* ViewController3.swift in Sources */,
				D251EE5D29796F25001EA644 /* ViewController.swift in Sources */,
				D233A15E2979751B00004B5E /* ViewController2.swift in Sources */,
				D251EE5929796F25001EA644 /* AppDelegate.swift in Sources */,
				D251EE5B29796F25001EA644 /* SceneDelegate.swift in Sources */,
			);
			runOnlyForDeploymentPostprocessing = 0;
		};
		D251EE6729796F28001EA644 /* Sources */ = {
			isa = PBXSourcesBuildPhase;
			buildActionMask = 2147483647;
			files = (
				D251EE7029796F28001EA644 /* presentmodallyTests.swift in Sources */,
			);
			runOnlyForDeploymentPostprocessing = 0;
		};
		D251EE7129796F28001EA644 /* Sources */ = {
			isa = PBXSourcesBuildPhase;
			buildActionMask = 2147483647;
			files = (
				D251EE7A29796F28001EA644 /* presentmodallyUITests.swift in Sources */,
				D251EE7C29796F28001EA644 /* presentmodallyUITestsLaunchTests.swift in Sources */,
			);
			runOnlyForDeploymentPostprocessing = 0;
		};
/* End PBXSourcesBuildPhase section */

/* Begin PBXTargetDependency section */
		D251EE6D29796F28001EA644 /* PBXTargetDependency */ = {
			isa = PBXTargetDependency;
			target = D251EE5429796F25001EA644 /* presentmodally */;
			targetProxy = D251EE6C29796F28001EA644 /* PBXContainerItemProxy */;
		};
		D251EE7729796F28001EA644 /* PBXTargetDependency */ = {
			isa = PBXTargetDependency;
			target = D251EE5429796F25001EA644 /* presentmodally */;
			targetProxy = D251EE7629796F28001EA644 /* PBXContainerItemProxy */;
		};
/* End PBXTargetDependency section */

/* Begin PBXVariantGroup section */
		D251EE5E29796F25001EA644 /* Main.storyboard */ = {
			isa = PBXVariantGroup;
			children = (
				D251EE5F29796F25001EA644 /* Base */,
			);
			name = Main.storyboard;
			sourceTree = "<group>";
		};
		D251EE6329796F28001EA644 /* LaunchScreen.storyboard */ = {
			isa = PBXVariantGroup;
			children = (
				D251EE6429796F28001EA644 /* Base */,
			);
			name = LaunchScreen.storyboard;
			sourceTree = "<group>";
		};
/* End PBXVariantGroup section */

/* Begin XCBuildConfiguration section */
		D251EE7D29796F28001EA644 /* Debug */ = {
			isa = XCBuildConfiguration;
			buildSettings = {
				ALWAYS_SEARCH_USER_PATHS = NO;
				CLANG_ANALYZER_NONNULL = YES;
				CLANG_ANALYZER_NUMBER_OBJECT_CONVERSION = YES_AGGRESSIVE;
				CLANG_CXX_LANGUAGE_STANDARD = "gnu++20";
				CLANG_ENABLE_MODULES = YES;
				CLANG_ENABLE_OBJC_ARC = YES;
				CLANG_ENABLE_OBJC_WEAK = YES;
				CLANG_WARN_BLOCK_CAPTURE_AUTORELEASING = YES;
				CLANG_WARN_BOOL_CONVERSION = YES;
				CLANG_WARN_COMMA = YES;
				CLANG_WARN_CONSTANT_CONVERSION = YES;
				CLANG_WARN_DEPRECATED_OBJC_IMPLEMENTATIONS = YES;
				CLANG_WARN_DIRECT_OBJC_ISA_USAGE = YES_ERROR;
				CLANG_WARN_DOCUMENTATION_COMMENTS = YES;
				CLANG_WARN_EMPTY_BODY = YES;
				CLANG_WARN_ENUM_CONVERSION = YES;
				CLANG_WARN_INFINITE_RECURSION = YES;
				CLANG_WARN_INT_CONVERSION = YES;
				CLANG_WARN_NON_LITERAL_NULL_CONVERSION = YES;
				CLANG_WARN_OBJC_IMPLICIT_RETAIN_SELF = YES;
				CLANG_WARN_OBJC_LITERAL_CONVERSION = YES;
				CLANG_WARN_OBJC_ROOT_CLASS = YES_ERROR;
				CLANG_WARN_QUOTED_INCLUDE_IN_FRAMEWORK_HEADER = YES;
				CLANG_WARN_RANGE_LOOP_ANALYSIS = YES;
				CLANG_WARN_STRICT_PROTOTYPES = YES;
				CLANG_WARN_SUSPICIOUS_MOVE = YES;
				CLANG_WARN_UNGUARDED_AVAILABILITY = YES_AGGRESSIVE;
				CLANG_WARN_UNREACHABLE_CODE = YES;
				CLANG_WARN__DUPLICATE_METHOD_MATCH = YES;
				COPY_PHASE_STRIP = NO;
				DEBUG_INFORMATION_FORMAT = dwarf;
				ENABLE_STRICT_OBJC_MSGSEND = YES;
				ENABLE_TESTABILITY = YES;
				GCC_C_LANGUAGE_STANDARD = gnu11;
				GCC_DYNAMIC_NO_PIC = NO;
				GCC_NO_COMMON_BLOCKS = YES;
				GCC_OPTIMIZATION_LEVEL = 0;
				GCC_PREPROCESSOR_DEFINITIONS = (
					"DEBUG=1",
					"$(inherited)",
				);
				GCC_WARN_64_TO_32_BIT_CONVERSION = YES;
				GCC_WARN_ABOUT_RETURN_TYPE = YES_ERROR;
				GCC_WARN_UNDECLARED_SELECTOR = YES;
				GCC_WARN_UNINITIALIZED_AUTOS = YES_AGGRESSIVE;
				GCC_WARN_UNUSED_FUNCTION = YES;
				GCC_WARN_UNUSED_VARIABLE = YES;
				IPHONEOS_DEPLOYMENT_TARGET = 16.1;
				MTL_ENABLE_DEBUG_INFO = INCLUDE_SOURCE;
				MTL_FAST_MATH = YES;
				ONLY_ACTIVE_ARCH = YES;
				SDKROOT = iphoneos;
				SWIFT_ACTIVE_COMPILATION_CONDITIONS = DEBUG;
				SWIFT_OPTIMIZATION_LEVEL = "-Onone";
			};
			name = Debug;
		};
		D251EE7E29796F28001EA644 /* Release */ = {
			isa = XCBuildConfiguration;
			buildSettings = {
				ALWAYS_SEARCH_USER_PATHS = NO;
				CLANG_ANALYZER_NONNULL = YES;
				CLANG_ANALYZER_NUMBER_OBJECT_CONVERSION = YES_AGGRESSIVE;
				CLANG_CXX_LANGUAGE_STANDARD = "gnu++20";
				CLANG_ENABLE_MODULES = YES;
				CLANG_ENABLE_OBJC_ARC = YES;
				CLANG_ENABLE_OBJC_WEAK = YES;
				CLANG_WARN_BLOCK_CAPTURE_AUTORELEASING = YES;
				CLANG_WARN_BOOL_CONVERSION = YES;
				CLANG_WARN_COMMA = YES;
				CLANG_WARN_CONSTANT_CONVERSION = YES;
				CLANG_WARN_DEPRECATED_OBJC_IMPLEMENTATIONS = YES;
				CLANG_WARN_DIRECT_OBJC_ISA_USAGE = YES_ERROR;
				CLANG_WARN_DOCUMENTATION_COMMENTS = YES;
				CLANG_WARN_EMPTY_BODY = YES;
				CLANG_WARN_ENUM_CONVERSION = YES;
				CLANG_WARN_INFINITE_RECURSION = YES;
				CLANG_WARN_INT_CONVERSION = YES;
				CLANG_WARN_NON_LITERAL_NULL_CONVERSION = YES;
				CLANG_WARN_OBJC_IMPLICIT_RETAIN_SELF = YES;
				CLANG_WARN_OBJC_LITERAL_CONVERSION = YES;
				CLANG_WARN_OBJC_ROOT_CLASS = YES_ERROR;
				CLANG_WARN_QUOTED_INCLUDE_IN_FRAMEWORK_HEADER = YES;
				CLANG_WARN_RANGE_LOOP_ANALYSIS = YES;
				CLANG_WARN_STRICT_PROTOTYPES = YES;
				CLANG_WARN_SUSPICIOUS_MOVE = YES;
				CLANG_WARN_UNGUARDED_AVAILABILITY = YES_AGGRESSIVE;
				CLANG_WARN_UNREACHABLE_CODE = YES;
				CLANG_WARN__DUPLICATE_METHOD_MATCH = YES;
				COPY_PHASE_STRIP = NO;
				DEBUG_INFORMATION_FORMAT = "dwarf-with-dsym";
				ENABLE_NS_ASSERTIONS = NO;
				ENABLE_STRICT_OBJC_MSGSEND = YES;
				GCC_C_LANGUAGE_STANDARD = gnu11;
				GCC_NO_COMMON_BLOCKS = YES;
				GCC_WARN_64_TO_32_BIT_CONVERSION = YES;
				GCC_WARN_ABOUT_RETURN_TYPE = YES_ERROR;
				GCC_WARN_UNDECLARED_SELECTOR = YES;
				GCC_WARN_UNINITIALIZED_AUTOS = YES_AGGRESSIVE;
				GCC_WARN_UNUSED_FUNCTION = YES;
				GCC_WARN_UNUSED_VARIABLE = YES;
				IPHONEOS_DEPLOYMENT_TARGET = 16.1;
				MTL_ENABLE_DEBUG_INFO = NO;
				MTL_FAST_MATH = YES;
				SDKROOT = iphoneos;
				SWIFT_COMPILATION_MODE = wholemodule;
				SWIFT_OPTIMIZATION_LEVEL = "-O";
				VALIDATE_PRODUCT = YES;
			};
			name = Release;
		};
		D251EE8029796F28001EA644 /* Debug */ = {
			isa = XCBuildConfiguration;
			buildSettings = {
				ASSETCATALOG_COMPILER_APPICON_NAME = AppIcon;
				ASSETCATALOG_COMPILER_GLOBAL_ACCENT_COLOR_NAME = AccentColor;
				CODE_SIGN_STYLE = Automatic;
				CURRENT_PROJECT_VERSION = 1;
				GENERATE_INFOPLIST_FILE = YES;
				INFOPLIST_FILE = presentmodally/Info.plist;
				INFOPLIST_KEY_UIApplicationSupportsIndirectInputEvents = YES;
				INFOPLIST_KEY_UILaunchStoryboardName = LaunchScreen;
				INFOPLIST_KEY_UIMainStoryboardFile = Main;
				INFOPLIST_KEY_UISupportedInterfaceOrientations_iPad = "UIInterfaceOrientationPortrait UIInterfaceOrientationPortraitUpsideDown UIInterfaceOrientationLandscapeLeft UIInterfaceOrientationLandscapeRight";
				INFOPLIST_KEY_UISupportedInterfaceOrientations_iPhone = "UIInterfaceOrientationPortrait UIInterfaceOrientationLandscapeLeft UIInterfaceOrientationLandscapeRight";
				LD_RUNPATH_SEARCH_PATHS = (
					"$(inherited)",
					"@executable_path/Frameworks",
				);
				MARKETING_VERSION = 1.0;
				PRODUCT_BUNDLE_IDENTIFIER = enginbolat.presentmodally;
				PRODUCT_NAME = "$(TARGET_NAME)";
				SWIFT_EMIT_LOC_STRINGS = YES;
				SWIFT_VERSION = 5.0;
				TARGETED_DEVICE_FAMILY = "1,2";
			};
			name = Debug;
		};
		D251EE8129796F28001EA644 /* Release */ = {
			isa = XCBuildConfiguration;
			buildSettings = {
				ASSETCATALOG_COMPILER_APPICON_NAME = AppIcon;
				ASSETCATALOG_COMPILER_GLOBAL_ACCENT_COLOR_NAME = AccentColor;
				CODE_SIGN_STYLE = Automatic;
				CURRENT_PROJECT_VERSION = 1;
				GENERATE_INFOPLIST_FILE = YES;
				INFOPLIST_FILE = presentmodally/Info.plist;
				INFOPLIST_KEY_UIApplicationSupportsIndirectInputEvents = YES;
				INFOPLIST_KEY_UILaunchStoryboardName = LaunchScreen;
				INFOPLIST_KEY_UIMainStoryboardFile = Main;
				INFOPLIST_KEY_UISupportedInterfaceOrientations_iPad = "UIInterfaceOrientationPortrait UIInterfaceOrientationPortraitUpsideDown UIInterfaceOrientationLandscapeLeft UIInterfaceOrientationLandscapeRight";
				INFOPLIST_KEY_UISupportedInterfaceOrientations_iPhone = "UIInterfaceOrientationPortrait UIInterfaceOrientationLandscapeLeft UIInterfaceOrientationLandscapeRight";
				LD_RUNPATH_SEARCH_PATHS = (
					"$(inherited)",
					"@executable_path/Frameworks",
				);
				MARKETING_VERSION = 1.0;
				PRODUCT_BUNDLE_IDENTIFIER = enginbolat.presentmodally;
				PRODUCT_NAME = "$(TARGET_NAME)";
				SWIFT_EMIT_LOC_STRINGS = YES;
				SWIFT_VERSION = 5.0;
				TARGETED_DEVICE_FAMILY = "1,2";
			};
			name = Release;
		};
		D251EE8329796F28001EA644 /* Debug */ = {
			isa = XCBuildConfiguration;
			buildSettings = {
				ALWAYS_EMBED_SWIFT_STANDARD_LIBRARIES = YES;
				BUNDLE_LOADER = "$(TEST_HOST)";
				CODE_SIGN_STYLE = Automatic;
				CURRENT_PROJECT_VERSION = 1;
				GENERATE_INFOPLIST_FILE = YES;
				IPHONEOS_DEPLOYMENT_TARGET = 16.1;
				MARKETING_VERSION = 1.0;
				PRODUCT_BUNDLE_IDENTIFIER = enginbolat.presentmodallyTests;
				PRODUCT_NAME = "$(TARGET_NAME)";
				SWIFT_EMIT_LOC_STRINGS = NO;
				SWIFT_VERSION = 5.0;
				TARGETED_DEVICE_FAMILY = "1,2";
				TEST_HOST = "$(BUILT_PRODUCTS_DIR)/presentmodally.app/$(BUNDLE_EXECUTABLE_FOLDER_PATH)/presentmodally";
			};
			name = Debug;
		};
		D251EE8429796F28001EA644 /* Release */ = {
			isa = XCBuildConfiguration;
			buildSettings = {
				ALWAYS_EMBED_SWIFT_STANDARD_LIBRARIES = YES;
				BUNDLE_LOADER = "$(TEST_HOST)";
				CODE_SIGN_STYLE = Automatic;
				CURRENT_PROJECT_VERSION = 1;
				GENERATE_INFOPLIST_FILE = YES;
				IPHONEOS_DEPLOYMENT_TARGET = 16.1;
				MARKETING_VERSION = 1.0;
				PRODUCT_BUNDLE_IDENTIFIER = enginbolat.presentmodallyTests;
				PRODUCT_NAME = "$(TARGET_NAME)";
				SWIFT_EMIT_LOC_STRINGS = NO;
				SWIFT_VERSION = 5.0;
				TARGETED_DEVICE_FAMILY = "1,2";
				TEST_HOST = "$(BUILT_PRODUCTS_DIR)/presentmodally.app/$(BUNDLE_EXECUTABLE_FOLDER_PATH)/presentmodally";
			};
			name = Release;
		};
		D251EE8629796F28001EA644 /* Debug */ = {
			isa = XCBuildConfiguration;
			buildSettings = {
				ALWAYS_EMBED_SWIFT_STANDARD_LIBRARIES = YES;
				CODE_SIGN_STYLE = Automatic;
				CURRENT_PROJECT_VERSION = 1;
				GENERATE_INFOPLIST_FILE = YES;
				MARKETING_VERSION = 1.0;
				PRODUCT_BUNDLE_IDENTIFIER = enginbolat.presentmodallyUITests;
				PRODUCT_NAME = "$(TARGET_NAME)";
				SWIFT_EMIT_LOC_STRINGS = NO;
				SWIFT_VERSION = 5.0;
				TARGETED_DEVICE_FAMILY = "1,2";
				TEST_TARGET_NAME = presentmodally;
			};
			name = Debug;
		};
		D251EE8729796F28001EA644 /* Release */ = {
			isa = XCBuildConfiguration;
			buildSettings = {
				ALWAYS_EMBED_SWIFT_STANDARD_LIBRARIES = YES;
				CODE_SIGN_STYLE = Automatic;
				CURRENT_PROJECT_VERSION = 1;
				GENERATE_INFOPLIST_FILE = YES;
				MARKETING_VERSION = 1.0;
				PRODUCT_BUNDLE_IDENTIFIER = enginbolat.presentmodallyUITests;
				PRODUCT_NAME = "$(TARGET_NAME)";
				SWIFT_EMIT_LOC_STRINGS = NO;
				SWIFT_VERSION = 5.0;
				TARGETED_DEVICE_FAMILY = "1,2";
				TEST_TARGET_NAME = presentmodally;
			};
			name = Release;
		};
/* End XCBuildConfiguration section */

/* Begin XCConfigurationList section */
		D251EE5029796F25001EA644 /* Build configuration list for PBXProject "presentmodally" */ = {
			isa = XCConfigurationList;
			buildConfigurations = (
				D251EE7D29796F28001EA644 /* Debug */,
				D251EE7E29796F28001EA644 /* Release */,
			);
			defaultConfigurationIsVisible = 0;
			defaultConfigurationName = Release;
		};
		D251EE7F29796F28001EA644 /* Build configuration list for PBXNativeTarget "presentmodally" */ = {
			isa = XCConfigurationList;
			buildConfigurations = (
				D251EE8029796F28001EA644 /* Debug */,
				D251EE8129796F28001EA644 /* Release */,
			);
			defaultConfigurationIsVisible = 0;
			defaultConfigurationName = Release;
		};
		D251EE8229796F28001EA644 /* Build configuration list for PBXNativeTarget "presentmodallyTests" */ = {
			isa = XCConfigurationList;
			buildConfigurations = (
				D251EE8329796F28001EA644 /* Debug */,
				D251EE8429796F28001EA644 /* Release */,
			);
			defaultConfigurationIsVisible = 0;
			defaultConfigurationName = Release;
		};
		D251EE8529796F28001EA644 /* Build configuration list for PBXNativeTarget "presentmodallyUITests" */ = {
			isa = XCConfigurationList;
			buildConfigurations = (
				D251EE8629796F28001EA644 /* Debug */,
				D251EE8729796F28001EA644 /* Release */,
			);
			defaultConfigurationIsVisible = 0;
			defaultConfigurationName = Release;
		};
/* End XCConfigurationList section */
	};
	rootObject = D251EE4D29796F25001EA644 /* Project object */;
}
